// !$*UTF8*$!
{
	archiveVersion = 1;
	classes = {
	};
	objectVersion = 46;
	objects = {

/* Begin PBXBuildFile section */
		00CCB3F063D1816E688DC13AE565D9EF /* AtlasTypewriterMediumItalic.otf in Resources */ = {isa = PBXBuildFile; fileRef = CDDE4B2567C5A1EEB60019F9825BD48B /* AtlasTypewriterMediumItalic.otf */; };
		02BF9988CC94A01E7CB6049694390020 /* NMBExceptionCapture.h in Headers */ = {isa = PBXBuildFile; fileRef = 40FBD52025077E5788ADCE71EF040393 /* NMBExceptionCapture.h */; settings = {ATTRIBUTES = (Public, ); }; };
		02DF5BD2281BA10105A447F95FCF8CF3 /* BeLogical.swift in Sources */ = {isa = PBXBuildFile; fileRef = B011BCE1507648ECA7586CF7DABF6F4C /* BeLogical.swift */; };
		03CE33A1CD5B1827704117D540756B4D /* ElloCerts-dummy.m in Sources */ = {isa = PBXBuildFile; fileRef = 573933A27884C12660D8EF54C8F98B14 /* ElloCerts-dummy.m */; };
		0492354DA7EF0C9068F7B4E8F74001B0 /* FailureMessage.swift in Sources */ = {isa = PBXBuildFile; fileRef = 25961731CF4F7537A5ECD61A000A150C /* FailureMessage.swift */; };
		050712C539E0EEEC7983054F1D9B627C /* World.swift in Sources */ = {isa = PBXBuildFile; fileRef = 8487245080A1AB0FFD48288B814AEA82 /* World.swift */; };
		092CFA39897FBD3281EB2AF0AFF53A5A /* Configuration.swift in Sources */ = {isa = PBXBuildFile; fileRef = 5BF695047E0AAFB3CA54EC10F0E97FD3 /* Configuration.swift */; };
		0A6E71555F55082003A3DB2B03CA85D2 /* AsyncMatcherWrapper.swift in Sources */ = {isa = PBXBuildFile; fileRef = 1D42013D479CDC11E7882C7C0045B66B /* AsyncMatcherWrapper.swift */; };
		0C68ABBE254702DE9F842D79F9441C88 /* AtlasTypewriterBoldItalic.otf in Resources */ = {isa = PBXBuildFile; fileRef = 91D3B75727A4D1691AA223B02DDA8130 /* AtlasTypewriterBoldItalic.otf */; };
		0F49254A4C560DD4696936F6080756DC /* Nimble-umbrella.h in Headers */ = {isa = PBXBuildFile; fileRef = BF4AE1E80CC4EA4F2E1FF17CA10A3D26 /* Nimble-umbrella.h */; settings = {ATTRIBUTES = (Public, ); }; };
		105885BEEA6D8F434D14E901F2E0F3A9 /* QuickSpec.m in Sources */ = {isa = PBXBuildFile; fileRef = 62241019A9DFE31F82A2CDF8690A163C /* QuickSpec.m */; };
		120DB43BF5DF7AD14924F255E85C8603 /* Pods-ElloCerts_Example-umbrella.h in Headers */ = {isa = PBXBuildFile; fileRef = E64F128A0D8C0E95944CB6D72158B299 /* Pods-ElloCerts_Example-umbrella.h */; settings = {ATTRIBUTES = (Public, ); }; };
		1E28F9362956B758C4C981D3C1129C90 /* BeGreaterThan.swift in Sources */ = {isa = PBXBuildFile; fileRef = E3CD67A0263B5D926517C112081F48B2 /* BeGreaterThan.swift */; };
		218210D3C216B0E287FB21A2BD60B731 /* ExampleMetadata.swift in Sources */ = {isa = PBXBuildFile; fileRef = 38715BF4570032AE706B97AB11365E48 /* ExampleMetadata.swift */; };
		233FA4969ABD55E4EFE3112C0E615487 /* Foundation.framework in Frameworks */ = {isa = PBXBuildFile; fileRef = 2C399359027DC845725DCE33B675BEF7 /* Foundation.framework */; };
		23EDFE82C861DCC8E192900D846F4BF7 /* DSL.swift in Sources */ = {isa = PBXBuildFile; fileRef = 33DD2CC5441C4540A072B29E4A257A9D /* DSL.swift */; };
		2604EF46EA35DAC363A1C47022BCD663 /* AtlasTypewriterMedium.otf in Resources */ = {isa = PBXBuildFile; fileRef = A843A54D595583A12E2B07F19A5F5110 /* AtlasTypewriterMedium.otf */; };
		2D3B916F7168E9412EDB95BA203A5BB4 /* ThrowError.swift in Sources */ = {isa = PBXBuildFile; fileRef = E2BC0728045ED4D4A2C12B52A561EEF7 /* ThrowError.swift */; };
		2E4E45F5727B61A30D6B0ECE504F81FF /* Quick-umbrella.h in Headers */ = {isa = PBXBuildFile; fileRef = FC9D0077C69A720B9DD2BB12344FD893 /* Quick-umbrella.h */; settings = {ATTRIBUTES = (Public, ); }; };
		321DFD48DE2C717FEA400F81FE74F212 /* AtlasGroteskBold.otf in Resources */ = {isa = PBXBuildFile; fileRef = 3D3302BC671CF02234BFCF0CB2B7FAD5 /* AtlasGroteskBold.otf */; };
		33264C6A7A3536AD91EF42B3E8CC8220 /* BeGreaterThanOrEqualTo.swift in Sources */ = {isa = PBXBuildFile; fileRef = C03BB6589A73F51F073DF050F55D7F41 /* BeGreaterThanOrEqualTo.swift */; };
		33514FEE6EA65605EFB6F1801834B692 /* AssertionDispatcher.swift in Sources */ = {isa = PBXBuildFile; fileRef = 0B0C995C72A44C02A9369FA2BDB1F4FF /* AssertionDispatcher.swift */; };
		3A92AEE86034356AF8987F20EE1F82DF /* EndWith.swift in Sources */ = {isa = PBXBuildFile; fileRef = 1E8B6303CCFDEBF93094E92D50CAFF38 /* EndWith.swift */; };
		3AEAC447B09E7AABC140654C8529BC94 /* MatcherFunc.swift in Sources */ = {isa = PBXBuildFile; fileRef = E43EEEBE209F0CF242FBC231937E6922 /* MatcherFunc.swift */; };
		3BCDA22106E63D435DCB6F275FEB62F1 /* Quick.h in Headers */ = {isa = PBXBuildFile; fileRef = D4E0D7E2D11371A45CB3D1221E7B4EC2 /* Quick.h */; settings = {ATTRIBUTES = (Public, ); }; };
		4154B64FF56032297950245B721FD855 /* Example.swift in Sources */ = {isa = PBXBuildFile; fileRef = BEA1EFFE836005E11B9D420692E9E50C /* Example.swift */; };
		4E87C6AE24AB15700A39FC24A2F1C93B /* BeLessThanOrEqual.swift in Sources */ = {isa = PBXBuildFile; fileRef = 8E12C6F645E5DC0EDB23023A394F1CB1 /* BeLessThanOrEqual.swift */; };
		51056EEE2857C57BEA7CE3695205775A /* Pods-ElloCerts_Tests-umbrella.h in Headers */ = {isa = PBXBuildFile; fileRef = A8A2DCA9EECAD89631249A8035288054 /* Pods-ElloCerts_Tests-umbrella.h */; settings = {ATTRIBUTES = (Public, ); }; };
		512DFAE728521F02AF225F0082195DCC /* Nimble.h in Headers */ = {isa = PBXBuildFile; fileRef = 784135A9193F0FE38182AF2C577B3A52 /* Nimble.h */; settings = {ATTRIBUTES = (Public, ); }; };
		54A60079B8F12959D747C7A7EB8684BD /* XCTest.framework in Frameworks */ = {isa = PBXBuildFile; fileRef = 0BBEB8404065DE76CDC57440E70C356D /* XCTest.framework */; };
		58871F72D5A0EF8AA5D04083255D4FD7 /* World+DSL.h in Headers */ = {isa = PBXBuildFile; fileRef = 94A039912FDC46FCB2AF6DCEEB91ADB4 /* World+DSL.h */; settings = {ATTRIBUTES = (Project, ); }; };
		58EBA2C1A43283FB2188AB1FB592D32B /* DSL.swift in Sources */ = {isa = PBXBuildFile; fileRef = 2B9040AB08CA7AEB727960E284F746A4 /* DSL.swift */; };
		62F8761323937B53150740AEDDD999C7 /* Foundation.framework in Frameworks */ = {isa = PBXBuildFile; fileRef = 2C399359027DC845725DCE33B675BEF7 /* Foundation.framework */; };
		64F9C4436E5E500302729D613547E94F /* QCKDSL.m in Sources */ = {isa = PBXBuildFile; fileRef = 2543809E4D3D9755B94735346ACDFF03 /* QCKDSL.m */; };
		6AE37D14EDB7D860C3CEC21871351AF4 /* Quick-dummy.m in Sources */ = {isa = PBXBuildFile; fileRef = 616BFD5BF73AEF373E5250D05560A338 /* Quick-dummy.m */; };
		6C6AC03675EEDC15C56B314886FFC034 /* ElloCerts-umbrella.h in Headers */ = {isa = PBXBuildFile; fileRef = 2578B5215DFA87891E7A926608A98665 /* ElloCerts-umbrella.h */; settings = {ATTRIBUTES = (Public, ); }; };
		6F94E8D6A15D0096594A633ADE2436F0 /* Foundation.framework in Frameworks */ = {isa = PBXBuildFile; fileRef = 2C399359027DC845725DCE33B675BEF7 /* Foundation.framework */; };
		6FAE746B14B21F301DE28025CEC1E6C8 /* NSString+QCKSelectorName.h in Headers */ = {isa = PBXBuildFile; fileRef = 64F492985EB6550A418DD3DB1BCDE146 /* NSString+QCKSelectorName.h */; settings = {ATTRIBUTES = (Project, ); }; };
		73695FA6A6CDFBB13C0CC73C2E5126C0 /* Nimble-dummy.m in Sources */ = {isa = PBXBuildFile; fileRef = C8E9634CF58B22F95DF5AA222CDAF9B8 /* Nimble-dummy.m */; };
		7680F08C43B965EC873D26E6AD854C9F /* BeIdenticalTo.swift in Sources */ = {isa = PBXBuildFile; fileRef = 69A1AA2E4CDFA7B6FD9B4F253CAF481F /* BeIdenticalTo.swift */; };
		77128C0365A98E3BAC038A915B38791C /* BeAKindOf.swift in Sources */ = {isa = PBXBuildFile; fileRef = 0B53DF3C5B85F993313E9FA09386C167 /* BeAKindOf.swift */; };
		797C1BB017A7BE07530607AEA8AB273F /* QCKDSL.h in Headers */ = {isa = PBXBuildFile; fileRef = E41A31E4949F1319040B8D2BBBF2B5D6 /* QCKDSL.h */; settings = {ATTRIBUTES = (Public, ); }; };
		7A6E2730A25A55D8DFA74D3D7CB005EF /* BeAnInstanceOf.swift in Sources */ = {isa = PBXBuildFile; fileRef = 13064CC241598F189B1341470994F9D9 /* BeAnInstanceOf.swift */; };
		7B5118D7E55ACAA5708E21A7C4EEF048 /* AtlasTypewriterRegular.otf in Resources */ = {isa = PBXBuildFile; fileRef = FD253D16FA84D2153672FBD16584CFD5 /* AtlasTypewriterRegular.otf */; };
		7BFD25B1BB1116D8AC47E2C3874C5B76 /* ObjCMatcher.swift in Sources */ = {isa = PBXBuildFile; fileRef = 73B922FF75D982F502B345AE30399F97 /* ObjCMatcher.swift */; };
		7DA9FF8513AA48310B15A0744A541818 /* SourceLocation.swift in Sources */ = {isa = PBXBuildFile; fileRef = 4930275AC98E3FD0F3BC81A7D08B8591 /* SourceLocation.swift */; };
		82D39F0C72AEB5E15281EA0CBD98C34B /* Pods-ElloCerts_Tests-dummy.m in Sources */ = {isa = PBXBuildFile; fileRef = 12AF2AF9A5E30CF1B0C0B2F2F50F124F /* Pods-ElloCerts_Tests-dummy.m */; };
		831D33A4C5C5BBC1EC158D9A236C61D7 /* NimbleXCTestHandler.swift in Sources */ = {isa = PBXBuildFile; fileRef = 5596CB4CEA7B7B71461C9ECE75263656 /* NimbleXCTestHandler.swift */; };
		8D0BF52FF564A170A3D1DE28C27B233E /* Poll.swift in Sources */ = {isa = PBXBuildFile; fileRef = F689A549CFB432AE0684F3EA3BA8D2FF /* Poll.swift */; };
		8D33E0D7661402387213E6351E38A7B3 /* AtlasTypewriterBold.otf in Resources */ = {isa = PBXBuildFile; fileRef = 8D4519D172F607FDB78B4EB010D1360F /* AtlasTypewriterBold.otf */; };
		9187EEC2982DB82AD8D3A7001AA647D6 /* NMBExceptionCapture.m in Sources */ = {isa = PBXBuildFile; fileRef = F5F4CE0DE16848CBDA8A93366A52BEF7 /* NMBExceptionCapture.m */; };
		92A792C0865CBEA5D8A09B1F1491DE8A /* SuiteHooks.swift in Sources */ = {isa = PBXBuildFile; fileRef = 64F0BEE5B67844F0E333920C2CB3416C /* SuiteHooks.swift */; };
		92F0FB76E4671398BE546F6AEBA4AD76 /* ExampleGroup.swift in Sources */ = {isa = PBXBuildFile; fileRef = B2005F86F2C2D05CDE00BB78EF02D6D4 /* ExampleGroup.swift */; };
		9341B96D63EF6C54A1F906A1BBAEAF46 /* DSL.h in Headers */ = {isa = PBXBuildFile; fileRef = DA695A07DF17BA243064E57D889E1CBB /* DSL.h */; settings = {ATTRIBUTES = (Public, ); }; };
		9646787942A85613FE77F45794E9B5CD /* BeginWith.swift in Sources */ = {isa = PBXBuildFile; fileRef = 58CD57ED9D79412A49A037E8EAA4AF42 /* BeginWith.swift */; };
		9E7786C034F0E0A6B5F0A0E6BE7D7E4A /* BeEmpty.swift in Sources */ = {isa = PBXBuildFile; fileRef = 2FE24AE8654BDA8234080C23F6335E26 /* BeEmpty.swift */; };
		9F201B12211AE337DB0A771949B7F497 /* AtlasTypewriterRegularItalic.otf in Resources */ = {isa = PBXBuildFile; fileRef = FE83EB29095CCB81D8ED291F23124FA7 /* AtlasTypewriterRegularItalic.otf */; };
		9F5A93B5DECDFE2C326811B3747A27B2 /* Pods-ElloCerts_Example-dummy.m in Sources */ = {isa = PBXBuildFile; fileRef = 1D9099AAD94D4E1B7114CB3F9BF4A5A2 /* Pods-ElloCerts_Example-dummy.m */; };
		A19D019676851EE1BE269F572533BC31 /* AtlasGroteskBoldItalic.otf in Resources */ = {isa = PBXBuildFile; fileRef = 7206AD1AA8DEDEB0E75154E561CD2FEB /* AtlasGroteskBoldItalic.otf */; };
		A1A7A9AC9F3C6BF0131F0004E1262231 /* Foundation.framework in Frameworks */ = {isa = PBXBuildFile; fileRef = 2C399359027DC845725DCE33B675BEF7 /* Foundation.framework */; };
		A1EB949CA7D6F599173EB69DDC17CA64 /* AtlasGroteskRegular.otf in Resources */ = {isa = PBXBuildFile; fileRef = EFDFFB37B7C323CAC2FF2E3ABB709E44 /* AtlasGroteskRegular.otf */; };
		A6162FE9450972A35F780EC5B2589EC4 /* Filter.swift in Sources */ = {isa = PBXBuildFile; fileRef = FF7511682ED488897012E4EEC14429BF /* Filter.swift */; };
		B0A26F58BA3E6222E50AE5AC883B8EAF /* DSL.m in Sources */ = {isa = PBXBuildFile; fileRef = D17DFC0D37F8449B1B2A2D117D1179A2 /* DSL.m */; };
		B41E8E775408ACE233F29CE93388B270 /* Contain.swift in Sources */ = {isa = PBXBuildFile; fileRef = 6727AA774C6723AFCA6CFCEF099071C7 /* Contain.swift */; };
		B751D9D5441230D584989B8B992658D5 /* UIKit.framework in Frameworks */ = {isa = PBXBuildFile; fileRef = DE07B7874AB19902D4CE25F047CB5020 /* UIKit.framework */; };
		B905718B2501DDA22F2AE73CB6E76E6B /* BeCloseTo.swift in Sources */ = {isa = PBXBuildFile; fileRef = 29A378AC6A7BCB5D43F7586353A7610A /* BeCloseTo.swift */; };
		BB4F35062294C1A461DA3CEF6306A1DB /* HaveCount.swift in Sources */ = {isa = PBXBuildFile; fileRef = 54BC3268759E7DB38A0E192F06A1BD06 /* HaveCount.swift */; };
		BCB53F24DCADF12601B8BA90AE3190AE /* BeLessThan.swift in Sources */ = {isa = PBXBuildFile; fileRef = 69578BBC16AAA12ED9630E2036580E94 /* BeLessThan.swift */; };
		C44050F92B2C6D26D5EF706E914EA0E1 /* Callsite.swift in Sources */ = {isa = PBXBuildFile; fileRef = 4C6D6E41BA9F922E7BBD3A24B7E5D00A /* Callsite.swift */; };
		C58374C39D13AABEAF3A6B3B2EDE05B8 /* QuickSpec.h in Headers */ = {isa = PBXBuildFile; fileRef = 8880B82EFD81A0D6EE2BBD27A39D61BA /* QuickSpec.h */; settings = {ATTRIBUTES = (Public, ); }; };
		C59BAD95E10A9C01E6DE7BD483BF8C38 /* Foundation.framework in Frameworks */ = {isa = PBXBuildFile; fileRef = 2C399359027DC845725DCE33B675BEF7 /* Foundation.framework */; };
		C63AB521EA514A811A167E507C0CF9AD /* Expression.swift in Sources */ = {isa = PBXBuildFile; fileRef = 227AD60FAC82B3DEDDBB09BAEE052647 /* Expression.swift */; };
		C9AC658F3FCB67B50E96313C2687B33D /* MatcherProtocols.swift in Sources */ = {isa = PBXBuildFile; fileRef = 28D0DF7E7A59098355B7877A39D254B6 /* MatcherProtocols.swift */; };
		CAAED5FB81DB035A9EC080917C783FA6 /* AdapterProtocols.swift in Sources */ = {isa = PBXBuildFile; fileRef = ECB4882E47E7537D32F4C677DF4F0B43 /* AdapterProtocols.swift */; };
		CD9D31B6063C50689EAC2A0745C282DC /* ObjCExpectation.swift in Sources */ = {isa = PBXBuildFile; fileRef = F7FE6BD80E2769820B83F2550DAC4AAF /* ObjCExpectation.swift */; };
		CE8BD773375BCC04A4292B50527ABB09 /* World.h in Headers */ = {isa = PBXBuildFile; fileRef = 4C0EAA5BA062125C64E6A819695F87C6 /* World.h */; settings = {ATTRIBUTES = (Project, ); }; };
		D38DBB2917E11248788D94B280A143FF /* QuickConfiguration.m in Sources */ = {isa = PBXBuildFile; fileRef = AE670FBBCC7FBB0E81F05DA0C8EAAEE5 /* QuickConfiguration.m */; };
		D429691F39B4C30A8993360FB8A3E334 /* AllPass.swift in Sources */ = {isa = PBXBuildFile; fileRef = 4F2CCEF958AF4E4C4F073031905F2CE2 /* AllPass.swift */; };
		D451CCF19B6084276B6BF7A22A4E232D /* ElloCerts.swift in Sources */ = {isa = PBXBuildFile; fileRef = A64758645D1CABB4936513AE3AD93C48 /* ElloCerts.swift */; };
		D4BBACC2942DDBE0AD68A7366186ED47 /* AtlasGroteskRegularItalic.otf in Resources */ = {isa = PBXBuildFile; fileRef = 95923B335D724B5886D33B7737BF7414 /* AtlasGroteskRegularItalic.otf */; };
		D57A56120E7A9C413581EEDA60A24384 /* QuickConfiguration.h in Headers */ = {isa = PBXBuildFile; fileRef = F1D4A64A54F414359EC782444B27597B /* QuickConfiguration.h */; settings = {ATTRIBUTES = (Public, ); }; };
		D7B45D4600C6166C124C0A926EE65284 /* Functional.swift in Sources */ = {isa = PBXBuildFile; fileRef = 28E302676FFF0A4192E3ECFB4B1FDCF6 /* Functional.swift */; };
		DEE170DD3064F7343884A4016546B762 /* DSL+Wait.swift in Sources */ = {isa = PBXBuildFile; fileRef = FDA388FEA33C5B8824432D9681B318F3 /* DSL+Wait.swift */; };
		E2FBD93D72DF01427486D1A6853FC689 /* Expectation.swift in Sources */ = {isa = PBXBuildFile; fileRef = B3116FC3DA077740D1C5702FA4C187A2 /* Expectation.swift */; };
		E34DD40B1042899E5BCC36AF4986B3C6 /* CoreText.framework in Frameworks */ = {isa = PBXBuildFile; fileRef = 765279250A1715D64EBC0AEF9E881ADA /* CoreText.framework */; };
		E36C5201AE7F1CBB25F9D2E7CBFC3C20 /* Match.swift in Sources */ = {isa = PBXBuildFile; fileRef = D0843BD7412E439120C081E8D9FE0F80 /* Match.swift */; };
		E6E7B15FAD6C56681511813DB2666478 /* AssertionRecorder.swift in Sources */ = {isa = PBXBuildFile; fileRef = B84D274316F8C6F9695294FB40D7596F /* AssertionRecorder.swift */; };
		EF5730194F6F037FA8AC1F09998D7C1C /* NSString+QCKSelectorName.m in Sources */ = {isa = PBXBuildFile; fileRef = 20ABC5A3D02301EC1EC014B6ABEFA42A /* NSString+QCKSelectorName.m */; };
		F10FD3129985704FA1610F84FB98EDF5 /* Stringers.swift in Sources */ = {isa = PBXBuildFile; fileRef = E31CE50F8B4B99D3C229D2438892ED5B /* Stringers.swift */; };
		F1D4A8A1FC68EFA7F45945908D70A352 /* BeNil.swift in Sources */ = {isa = PBXBuildFile; fileRef = 02297D692E5CA1B1C21CCCDA1853BA44 /* BeNil.swift */; };
		F49308FE54DB8B93C388A48B376D1520 /* ExampleHooks.swift in Sources */ = {isa = PBXBuildFile; fileRef = 01F8C281E400A6FABAD082CEA7263B2A /* ExampleHooks.swift */; };
		FB1347627E64CA7E98C19DC985E13D95 /* Equal.swift in Sources */ = {isa = PBXBuildFile; fileRef = D75276E4A134A22E123F4C40E529080C /* Equal.swift */; };
		FDAA48AF438844F7611F05B20BE6922E /* World+DSL.swift in Sources */ = {isa = PBXBuildFile; fileRef = 6DDA3CDE7515A11BE56C6C2FE5FB65D8 /* World+DSL.swift */; };
		FDBCCB36507C993422B3DED75575CB72 /* Closures.swift in Sources */ = {isa = PBXBuildFile; fileRef = AE6E3634125A20B9BA58962919B08DDC /* Closures.swift */; };
		FFC311AC1E19A23E0EB7B1B3A7A5A744 /* RaisesException.swift in Sources */ = {isa = PBXBuildFile; fileRef = 88457B3A5C81E0F34AC48AC05B8040D6 /* RaisesException.swift */; };
/* End PBXBuildFile section */

/* Begin PBXContainerItemProxy section */
		4C0677DD7D98912E09D35203DB4CE1B0 /* PBXContainerItemProxy */ = {
			isa = PBXContainerItemProxy;
			containerPortal = D41D8CD98F00B204E9800998ECF8427E /* Project object */;
			proxyType = 1;
			remoteGlobalIDString = B578BFDA93BFA91506CEFD1EEB1864C9;
			remoteInfo = Quick;
		};
		6C45542BA69E291552D930B51328E2DA /* PBXContainerItemProxy */ = {
			isa = PBXContainerItemProxy;
			containerPortal = D41D8CD98F00B204E9800998ECF8427E /* Project object */;
			proxyType = 1;
			remoteGlobalIDString = 5597149D696C0F92A011C680C8E4369A;
			remoteInfo = ElloCerts;
		};
		72B5F0B249300237931674492D736A8B /* PBXContainerItemProxy */ = {
			isa = PBXContainerItemProxy;
			containerPortal = D41D8CD98F00B204E9800998ECF8427E /* Project object */;
			proxyType = 1;
			remoteGlobalIDString = 5597149D696C0F92A011C680C8E4369A;
			remoteInfo = ElloCerts;
		};
		ED5C8DB71D050F63CE5B8E9E9400CBD6 /* PBXContainerItemProxy */ = {
			isa = PBXContainerItemProxy;
			containerPortal = D41D8CD98F00B204E9800998ECF8427E /* Project object */;
			proxyType = 1;
			remoteGlobalIDString = C5DB5104FED3C10F78978AFC810982B9;
			remoteInfo = Nimble;
		};
/* End PBXContainerItemProxy section */

/* Begin PBXFileReference section */
		01F8C281E400A6FABAD082CEA7263B2A /* ExampleHooks.swift */ = {isa = PBXFileReference; includeInIndex = 1; lastKnownFileType = sourcecode.swift; name = ExampleHooks.swift; path = Quick/Hooks/ExampleHooks.swift; sourceTree = "<group>"; };
		021C4E135FFC34B4A74FD0560A640549 /* Quick.modulemap */ = {isa = PBXFileReference; includeInIndex = 1; lastKnownFileType = "sourcecode.module-map"; path = Quick.modulemap; sourceTree = "<group>"; };
		02297D692E5CA1B1C21CCCDA1853BA44 /* BeNil.swift */ = {isa = PBXFileReference; includeInIndex = 1; lastKnownFileType = sourcecode.swift; name = BeNil.swift; path = Nimble/Matchers/BeNil.swift; sourceTree = "<group>"; };
		02CFBE9CBA1E734F26656E7FCDEA83FA /* Pods-ElloCerts_Tests-resources.sh */ = {isa = PBXFileReference; includeInIndex = 1; lastKnownFileType = text.script.sh; path = "Pods-ElloCerts_Tests-resources.sh"; sourceTree = "<group>"; };
		0A2AF5A4F82598766678B89BDBFEA718 /* Pods-ElloCerts_Tests.modulemap */ = {isa = PBXFileReference; includeInIndex = 1; lastKnownFileType = "sourcecode.module-map"; path = "Pods-ElloCerts_Tests.modulemap"; sourceTree = "<group>"; };
		0B0C995C72A44C02A9369FA2BDB1F4FF /* AssertionDispatcher.swift */ = {isa = PBXFileReference; includeInIndex = 1; lastKnownFileType = sourcecode.swift; name = AssertionDispatcher.swift; path = Nimble/Adapters/AssertionDispatcher.swift; sourceTree = "<group>"; };
		0B53DF3C5B85F993313E9FA09386C167 /* BeAKindOf.swift */ = {isa = PBXFileReference; includeInIndex = 1; lastKnownFileType = sourcecode.swift; name = BeAKindOf.swift; path = Nimble/Matchers/BeAKindOf.swift; sourceTree = "<group>"; };
		0BBEB8404065DE76CDC57440E70C356D /* XCTest.framework */ = {isa = PBXFileReference; lastKnownFileType = wrapper.framework; name = XCTest.framework; path = Platforms/iPhoneOS.platform/Developer/SDKs/iPhoneOS9.2.sdk/System/Library/Frameworks/XCTest.framework; sourceTree = DEVELOPER_DIR; };
		0EC63E5569F3760CA443DA53299EB2B8 /* Info.plist */ = {isa = PBXFileReference; includeInIndex = 1; lastKnownFileType = text.plist.xml; path = Info.plist; sourceTree = "<group>"; };
		12AF2AF9A5E30CF1B0C0B2F2F50F124F /* Pods-ElloCerts_Tests-dummy.m */ = {isa = PBXFileReference; includeInIndex = 1; lastKnownFileType = sourcecode.c.objc; path = "Pods-ElloCerts_Tests-dummy.m"; sourceTree = "<group>"; };
		13064CC241598F189B1341470994F9D9 /* BeAnInstanceOf.swift */ = {isa = PBXFileReference; includeInIndex = 1; lastKnownFileType = sourcecode.swift; name = BeAnInstanceOf.swift; path = Nimble/Matchers/BeAnInstanceOf.swift; sourceTree = "<group>"; };
		16664232890A36D2D9BE57281F07FD97 /* Pods-ElloCerts_Tests-frameworks.sh */ = {isa = PBXFileReference; includeInIndex = 1; lastKnownFileType = text.script.sh; path = "Pods-ElloCerts_Tests-frameworks.sh"; sourceTree = "<group>"; };
		1D42013D479CDC11E7882C7C0045B66B /* AsyncMatcherWrapper.swift */ = {isa = PBXFileReference; includeInIndex = 1; lastKnownFileType = sourcecode.swift; name = AsyncMatcherWrapper.swift; path = Nimble/Wrappers/AsyncMatcherWrapper.swift; sourceTree = "<group>"; };
		1D9099AAD94D4E1B7114CB3F9BF4A5A2 /* Pods-ElloCerts_Example-dummy.m */ = {isa = PBXFileReference; includeInIndex = 1; lastKnownFileType = sourcecode.c.objc; path = "Pods-ElloCerts_Example-dummy.m"; sourceTree = "<group>"; };
		1E8B6303CCFDEBF93094E92D50CAFF38 /* EndWith.swift */ = {isa = PBXFileReference; includeInIndex = 1; lastKnownFileType = sourcecode.swift; name = EndWith.swift; path = Nimble/Matchers/EndWith.swift; sourceTree = "<group>"; };
		20ABC5A3D02301EC1EC014B6ABEFA42A /* NSString+QCKSelectorName.m */ = {isa = PBXFileReference; includeInIndex = 1; lastKnownFileType = sourcecode.c.objc; name = "NSString+QCKSelectorName.m"; path = "Quick/NSString+QCKSelectorName.m"; sourceTree = "<group>"; };
		227AD60FAC82B3DEDDBB09BAEE052647 /* Expression.swift */ = {isa = PBXFileReference; includeInIndex = 1; lastKnownFileType = sourcecode.swift; name = Expression.swift; path = Nimble/Expression.swift; sourceTree = "<group>"; };
		2543809E4D3D9755B94735346ACDFF03 /* QCKDSL.m */ = {isa = PBXFileReference; includeInIndex = 1; lastKnownFileType = sourcecode.c.objc; name = QCKDSL.m; path = Quick/DSL/QCKDSL.m; sourceTree = "<group>"; };
		2578B5215DFA87891E7A926608A98665 /* ElloCerts-umbrella.h */ = {isa = PBXFileReference; includeInIndex = 1; lastKnownFileType = sourcecode.c.h; path = "ElloCerts-umbrella.h"; sourceTree = "<group>"; };
		25961731CF4F7537A5ECD61A000A150C /* FailureMessage.swift */ = {isa = PBXFileReference; includeInIndex = 1; lastKnownFileType = sourcecode.swift; name = FailureMessage.swift; path = Nimble/FailureMessage.swift; sourceTree = "<group>"; };
		25F69DC920A01CF3C8844E564C3D63A3 /* Pods-ElloCerts_Tests-acknowledgements.markdown */ = {isa = PBXFileReference; includeInIndex = 1; lastKnownFileType = text; path = "Pods-ElloCerts_Tests-acknowledgements.markdown"; sourceTree = "<group>"; };
		2700AA99DF0CBF841A17F98AAC31C8F5 /* Quick.framework */ = {isa = PBXFileReference; explicitFileType = wrapper.framework; includeInIndex = 0; path = Quick.framework; sourceTree = BUILT_PRODUCTS_DIR; };
		2755F0546C1E6E138E94A1A139DE05DD /* ElloCerts.framework */ = {isa = PBXFileReference; explicitFileType = wrapper.framework; includeInIndex = 0; path = ElloCerts.framework; sourceTree = BUILT_PRODUCTS_DIR; };
		28CBE0D19FC6E65EFAA29981A9422B23 /* Info.plist */ = {isa = PBXFileReference; includeInIndex = 1; lastKnownFileType = text.plist.xml; path = Info.plist; sourceTree = "<group>"; };
		28D0DF7E7A59098355B7877A39D254B6 /* MatcherProtocols.swift */ = {isa = PBXFileReference; includeInIndex = 1; lastKnownFileType = sourcecode.swift; name = MatcherProtocols.swift; path = Nimble/Matchers/MatcherProtocols.swift; sourceTree = "<group>"; };
		28D44E81B7DF5AD210D483697C1C3327 /* Pods-ElloCerts_Example.debug.xcconfig */ = {isa = PBXFileReference; includeInIndex = 1; lastKnownFileType = text.xcconfig; path = "Pods-ElloCerts_Example.debug.xcconfig"; sourceTree = "<group>"; };
		28E302676FFF0A4192E3ECFB4B1FDCF6 /* Functional.swift */ = {isa = PBXFileReference; includeInIndex = 1; lastKnownFileType = sourcecode.swift; name = Functional.swift; path = Nimble/Utils/Functional.swift; sourceTree = "<group>"; };
		297E218FCEA4AE1A2562E6284F2A46AF /* Pods-ElloCerts_Tests.release.xcconfig */ = {isa = PBXFileReference; includeInIndex = 1; lastKnownFileType = text.xcconfig; path = "Pods-ElloCerts_Tests.release.xcconfig"; sourceTree = "<group>"; };
		29A378AC6A7BCB5D43F7586353A7610A /* BeCloseTo.swift */ = {isa = PBXFileReference; includeInIndex = 1; lastKnownFileType = sourcecode.swift; name = BeCloseTo.swift; path = Nimble/Matchers/BeCloseTo.swift; sourceTree = "<group>"; };
		2B9040AB08CA7AEB727960E284F746A4 /* DSL.swift */ = {isa = PBXFileReference; includeInIndex = 1; lastKnownFileType = sourcecode.swift; name = DSL.swift; path = Nimble/DSL.swift; sourceTree = "<group>"; };
		2C399359027DC845725DCE33B675BEF7 /* Foundation.framework */ = {isa = PBXFileReference; lastKnownFileType = wrapper.framework; name = Foundation.framework; path = Platforms/iPhoneOS.platform/Developer/SDKs/iPhoneOS9.2.sdk/System/Library/Frameworks/Foundation.framework; sourceTree = DEVELOPER_DIR; };
		2FE24AE8654BDA8234080C23F6335E26 /* BeEmpty.swift */ = {isa = PBXFileReference; includeInIndex = 1; lastKnownFileType = sourcecode.swift; name = BeEmpty.swift; path = Nimble/Matchers/BeEmpty.swift; sourceTree = "<group>"; };
		33DD2CC5441C4540A072B29E4A257A9D /* DSL.swift */ = {isa = PBXFileReference; includeInIndex = 1; lastKnownFileType = sourcecode.swift; name = DSL.swift; path = Quick/DSL/DSL.swift; sourceTree = "<group>"; };
		33F126452B1D9F5A969E5B1085513708 /* Pods_ElloCerts_Example.framework */ = {isa = PBXFileReference; explicitFileType = wrapper.framework; includeInIndex = 0; path = Pods_ElloCerts_Example.framework; sourceTree = BUILT_PRODUCTS_DIR; };
		379DD90C67D19C81C76912E5445D1973 /* Info.plist */ = {isa = PBXFileReference; includeInIndex = 1; lastKnownFileType = text.plist.xml; path = Info.plist; sourceTree = "<group>"; };
		38715BF4570032AE706B97AB11365E48 /* ExampleMetadata.swift */ = {isa = PBXFileReference; includeInIndex = 1; lastKnownFileType = sourcecode.swift; name = ExampleMetadata.swift; path = Quick/ExampleMetadata.swift; sourceTree = "<group>"; };
		3D3302BC671CF02234BFCF0CB2B7FAD5 /* AtlasGroteskBold.otf */ = {isa = PBXFileReference; includeInIndex = 1; lastKnownFileType = file; path = AtlasGroteskBold.otf; sourceTree = "<group>"; };
		3F1975D001BFB447009180BAF8C14ADB /* Quick-prefix.pch */ = {isa = PBXFileReference; includeInIndex = 1; lastKnownFileType = sourcecode.c.h; path = "Quick-prefix.pch"; sourceTree = "<group>"; };
		3FB95E0136B1AEF3D27D05C623F8A7BC /* Pods-ElloCerts_Example.release.xcconfig */ = {isa = PBXFileReference; includeInIndex = 1; lastKnownFileType = text.xcconfig; path = "Pods-ElloCerts_Example.release.xcconfig"; sourceTree = "<group>"; };
		3FBAD84FCAA38A96DB77F59EF0843DFD /* Nimble.framework */ = {isa = PBXFileReference; explicitFileType = wrapper.framework; includeInIndex = 0; path = Nimble.framework; sourceTree = BUILT_PRODUCTS_DIR; };
		406B0043954D552D1CAF2FB4CACC3605 /* ElloCerts-prefix.pch */ = {isa = PBXFileReference; includeInIndex = 1; lastKnownFileType = sourcecode.c.h; path = "ElloCerts-prefix.pch"; sourceTree = "<group>"; };
		40FBD52025077E5788ADCE71EF040393 /* NMBExceptionCapture.h */ = {isa = PBXFileReference; includeInIndex = 1; lastKnownFileType = sourcecode.c.h; name = NMBExceptionCapture.h; path = Nimble/objc/NMBExceptionCapture.h; sourceTree = "<group>"; };
		4930275AC98E3FD0F3BC81A7D08B8591 /* SourceLocation.swift */ = {isa = PBXFileReference; includeInIndex = 1; lastKnownFileType = sourcecode.swift; name = SourceLocation.swift; path = Nimble/Utils/SourceLocation.swift; sourceTree = "<group>"; };
		4B580D7BA2F635E8A9176EB822F4A265 /* ElloCerts.modulemap */ = {isa = PBXFileReference; includeInIndex = 1; lastKnownFileType = "sourcecode.module-map"; path = ElloCerts.modulemap; sourceTree = "<group>"; };
		4C0EAA5BA062125C64E6A819695F87C6 /* World.h */ = {isa = PBXFileReference; includeInIndex = 1; lastKnownFileType = sourcecode.c.h; name = World.h; path = Quick/World.h; sourceTree = "<group>"; };
		4C6D6E41BA9F922E7BBD3A24B7E5D00A /* Callsite.swift */ = {isa = PBXFileReference; includeInIndex = 1; lastKnownFileType = sourcecode.swift; name = Callsite.swift; path = Quick/Callsite.swift; sourceTree = "<group>"; };
		4F2CCEF958AF4E4C4F073031905F2CE2 /* AllPass.swift */ = {isa = PBXFileReference; includeInIndex = 1; lastKnownFileType = sourcecode.swift; name = AllPass.swift; path = Nimble/Matchers/AllPass.swift; sourceTree = "<group>"; };
		54BC3268759E7DB38A0E192F06A1BD06 /* HaveCount.swift */ = {isa = PBXFileReference; includeInIndex = 1; lastKnownFileType = sourcecode.swift; name = HaveCount.swift; path = Nimble/Matchers/HaveCount.swift; sourceTree = "<group>"; };
		5596CB4CEA7B7B71461C9ECE75263656 /* NimbleXCTestHandler.swift */ = {isa = PBXFileReference; includeInIndex = 1; lastKnownFileType = sourcecode.swift; name = NimbleXCTestHandler.swift; path = Nimble/Adapters/NimbleXCTestHandler.swift; sourceTree = "<group>"; };
		573933A27884C12660D8EF54C8F98B14 /* ElloCerts-dummy.m */ = {isa = PBXFileReference; includeInIndex = 1; lastKnownFileType = sourcecode.c.objc; path = "ElloCerts-dummy.m"; sourceTree = "<group>"; };
		58CD57ED9D79412A49A037E8EAA4AF42 /* BeginWith.swift */ = {isa = PBXFileReference; includeInIndex = 1; lastKnownFileType = sourcecode.swift; name = BeginWith.swift; path = Nimble/Matchers/BeginWith.swift; sourceTree = "<group>"; };
		593A059A2497EA12C0B71EE3D396B89A /* Pods-ElloCerts_Example-acknowledgements.markdown */ = {isa = PBXFileReference; includeInIndex = 1; lastKnownFileType = text; path = "Pods-ElloCerts_Example-acknowledgements.markdown"; sourceTree = "<group>"; };
		5BF695047E0AAFB3CA54EC10F0E97FD3 /* Configuration.swift */ = {isa = PBXFileReference; includeInIndex = 1; lastKnownFileType = sourcecode.swift; name = Configuration.swift; path = Quick/Configuration/Configuration.swift; sourceTree = "<group>"; };
		5D6A2E71DBC9D0DE17402BCFCFEEBDB2 /* Nimble-prefix.pch */ = {isa = PBXFileReference; includeInIndex = 1; lastKnownFileType = sourcecode.c.h; path = "Nimble-prefix.pch"; sourceTree = "<group>"; };
		616BFD5BF73AEF373E5250D05560A338 /* Quick-dummy.m */ = {isa = PBXFileReference; includeInIndex = 1; lastKnownFileType = sourcecode.c.objc; path = "Quick-dummy.m"; sourceTree = "<group>"; };
		62241019A9DFE31F82A2CDF8690A163C /* QuickSpec.m */ = {isa = PBXFileReference; includeInIndex = 1; lastKnownFileType = sourcecode.c.objc; name = QuickSpec.m; path = Quick/QuickSpec.m; sourceTree = "<group>"; };
		64F0BEE5B67844F0E333920C2CB3416C /* SuiteHooks.swift */ = {isa = PBXFileReference; includeInIndex = 1; lastKnownFileType = sourcecode.swift; name = SuiteHooks.swift; path = Quick/Hooks/SuiteHooks.swift; sourceTree = "<group>"; };
		64F492985EB6550A418DD3DB1BCDE146 /* NSString+QCKSelectorName.h */ = {isa = PBXFileReference; includeInIndex = 1; lastKnownFileType = sourcecode.c.h; name = "NSString+QCKSelectorName.h"; path = "Quick/NSString+QCKSelectorName.h"; sourceTree = "<group>"; };
		6727AA774C6723AFCA6CFCEF099071C7 /* Contain.swift */ = {isa = PBXFileReference; includeInIndex = 1; lastKnownFileType = sourcecode.swift; name = Contain.swift; path = Nimble/Matchers/Contain.swift; sourceTree = "<group>"; };
		69578BBC16AAA12ED9630E2036580E94 /* BeLessThan.swift */ = {isa = PBXFileReference; includeInIndex = 1; lastKnownFileType = sourcecode.swift; name = BeLessThan.swift; path = Nimble/Matchers/BeLessThan.swift; sourceTree = "<group>"; };
		69A1AA2E4CDFA7B6FD9B4F253CAF481F /* BeIdenticalTo.swift */ = {isa = PBXFileReference; includeInIndex = 1; lastKnownFileType = sourcecode.swift; name = BeIdenticalTo.swift; path = Nimble/Matchers/BeIdenticalTo.swift; sourceTree = "<group>"; };
		6DDA3CDE7515A11BE56C6C2FE5FB65D8 /* World+DSL.swift */ = {isa = PBXFileReference; includeInIndex = 1; lastKnownFileType = sourcecode.swift; name = "World+DSL.swift"; path = "Quick/DSL/World+DSL.swift"; sourceTree = "<group>"; };
		70AA61237D8BA86A1B568E86BE99BB92 /* Pods-ElloCerts_Example-frameworks.sh */ = {isa = PBXFileReference; includeInIndex = 1; lastKnownFileType = text.script.sh; path = "Pods-ElloCerts_Example-frameworks.sh"; sourceTree = "<group>"; };
		7206AD1AA8DEDEB0E75154E561CD2FEB /* AtlasGroteskBoldItalic.otf */ = {isa = PBXFileReference; includeInIndex = 1; lastKnownFileType = file; path = AtlasGroteskBoldItalic.otf; sourceTree = "<group>"; };
		73B922FF75D982F502B345AE30399F97 /* ObjCMatcher.swift */ = {isa = PBXFileReference; includeInIndex = 1; lastKnownFileType = sourcecode.swift; name = ObjCMatcher.swift; path = Nimble/Wrappers/ObjCMatcher.swift; sourceTree = "<group>"; };
		765279250A1715D64EBC0AEF9E881ADA /* CoreText.framework */ = {isa = PBXFileReference; lastKnownFileType = wrapper.framework; name = CoreText.framework; path = Platforms/iPhoneOS.platform/Developer/SDKs/iPhoneOS9.2.sdk/System/Library/Frameworks/CoreText.framework; sourceTree = DEVELOPER_DIR; };
		784135A9193F0FE38182AF2C577B3A52 /* Nimble.h */ = {isa = PBXFileReference; includeInIndex = 1; lastKnownFileType = sourcecode.c.h; name = Nimble.h; path = Nimble/Nimble.h; sourceTree = "<group>"; };
		7C07CB259CB51CAA2B1B59537C0A7C2C /* Quick.xcconfig */ = {isa = PBXFileReference; includeInIndex = 1; lastKnownFileType = text.xcconfig; path = Quick.xcconfig; sourceTree = "<group>"; };
		7E5575CDD37EDCFD7B67B844D0BDD380 /* Pods-ElloCerts_Example.modulemap */ = {isa = PBXFileReference; includeInIndex = 1; lastKnownFileType = "sourcecode.module-map"; path = "Pods-ElloCerts_Example.modulemap"; sourceTree = "<group>"; };
		8487245080A1AB0FFD48288B814AEA82 /* World.swift */ = {isa = PBXFileReference; includeInIndex = 1; lastKnownFileType = sourcecode.swift; name = World.swift; path = Quick/World.swift; sourceTree = "<group>"; };
		88457B3A5C81E0F34AC48AC05B8040D6 /* RaisesException.swift */ = {isa = PBXFileReference; includeInIndex = 1; lastKnownFileType = sourcecode.swift; name = RaisesException.swift; path = Nimble/Matchers/RaisesException.swift; sourceTree = "<group>"; };
		8880B82EFD81A0D6EE2BBD27A39D61BA /* QuickSpec.h */ = {isa = PBXFileReference; includeInIndex = 1; lastKnownFileType = sourcecode.c.h; name = QuickSpec.h; path = Quick/QuickSpec.h; sourceTree = "<group>"; };
		8D4519D172F607FDB78B4EB010D1360F /* AtlasTypewriterBold.otf */ = {isa = PBXFileReference; includeInIndex = 1; lastKnownFileType = file; path = AtlasTypewriterBold.otf; sourceTree = "<group>"; };
		8E12C6F645E5DC0EDB23023A394F1CB1 /* BeLessThanOrEqual.swift */ = {isa = PBXFileReference; includeInIndex = 1; lastKnownFileType = sourcecode.swift; name = BeLessThanOrEqual.swift; path = Nimble/Matchers/BeLessThanOrEqual.swift; sourceTree = "<group>"; };
		91663CCB3307863B4154F1B4BFB0A3A4 /* ElloCerts.xcconfig */ = {isa = PBXFileReference; includeInIndex = 1; lastKnownFileType = text.xcconfig; path = ElloCerts.xcconfig; sourceTree = "<group>"; };
		91D3B75727A4D1691AA223B02DDA8130 /* AtlasTypewriterBoldItalic.otf */ = {isa = PBXFileReference; includeInIndex = 1; lastKnownFileType = file; path = AtlasTypewriterBoldItalic.otf; sourceTree = "<group>"; };
		94A039912FDC46FCB2AF6DCEEB91ADB4 /* World+DSL.h */ = {isa = PBXFileReference; includeInIndex = 1; lastKnownFileType = sourcecode.c.h; name = "World+DSL.h"; path = "Quick/DSL/World+DSL.h"; sourceTree = "<group>"; };
		95923B335D724B5886D33B7737BF7414 /* AtlasGroteskRegularItalic.otf */ = {isa = PBXFileReference; includeInIndex = 1; lastKnownFileType = file; path = AtlasGroteskRegularItalic.otf; sourceTree = "<group>"; };
		98AF2BF32F0272DE40592D8C25162F27 /* Pods-ElloCerts_Example-resources.sh */ = {isa = PBXFileReference; includeInIndex = 1; lastKnownFileType = text.script.sh; path = "Pods-ElloCerts_Example-resources.sh"; sourceTree = "<group>"; };
		9D43D23E1E3D14767B79F75E9986FB72 /* Pods-ElloCerts_Example-acknowledgements.plist */ = {isa = PBXFileReference; includeInIndex = 1; lastKnownFileType = text.plist.xml; path = "Pods-ElloCerts_Example-acknowledgements.plist"; sourceTree = "<group>"; };
		9D769985187978F61C5169BBA8DD650A /* Pods_ElloCerts_Tests.framework */ = {isa = PBXFileReference; explicitFileType = wrapper.framework; includeInIndex = 0; path = Pods_ElloCerts_Tests.framework; sourceTree = BUILT_PRODUCTS_DIR; };
		A64758645D1CABB4936513AE3AD93C48 /* ElloCerts.swift */ = {isa = PBXFileReference; includeInIndex = 1; lastKnownFileType = sourcecode.swift; path = ElloCerts.swift; sourceTree = "<group>"; };
		A843A54D595583A12E2B07F19A5F5110 /* AtlasTypewriterMedium.otf */ = {isa = PBXFileReference; includeInIndex = 1; lastKnownFileType = file; path = AtlasTypewriterMedium.otf; sourceTree = "<group>"; };
		A8A2DCA9EECAD89631249A8035288054 /* Pods-ElloCerts_Tests-umbrella.h */ = {isa = PBXFileReference; includeInIndex = 1; lastKnownFileType = sourcecode.c.h; path = "Pods-ElloCerts_Tests-umbrella.h"; sourceTree = "<group>"; };
		AE670FBBCC7FBB0E81F05DA0C8EAAEE5 /* QuickConfiguration.m */ = {isa = PBXFileReference; includeInIndex = 1; lastKnownFileType = sourcecode.c.objc; name = QuickConfiguration.m; path = Quick/Configuration/QuickConfiguration.m; sourceTree = "<group>"; };
		AE6E3634125A20B9BA58962919B08DDC /* Closures.swift */ = {isa = PBXFileReference; includeInIndex = 1; lastKnownFileType = sourcecode.swift; name = Closures.swift; path = Quick/Hooks/Closures.swift; sourceTree = "<group>"; };
		B011BCE1507648ECA7586CF7DABF6F4C /* BeLogical.swift */ = {isa = PBXFileReference; includeInIndex = 1; lastKnownFileType = sourcecode.swift; name = BeLogical.swift; path = Nimble/Matchers/BeLogical.swift; sourceTree = "<group>"; };
		B2005F86F2C2D05CDE00BB78EF02D6D4 /* ExampleGroup.swift */ = {isa = PBXFileReference; includeInIndex = 1; lastKnownFileType = sourcecode.swift; name = ExampleGroup.swift; path = Quick/ExampleGroup.swift; sourceTree = "<group>"; };
		B3116FC3DA077740D1C5702FA4C187A2 /* Expectation.swift */ = {isa = PBXFileReference; includeInIndex = 1; lastKnownFileType = sourcecode.swift; name = Expectation.swift; path = Nimble/Expectation.swift; sourceTree = "<group>"; };
		B68A276C05A93CFCC331A055BCA33167 /* Nimble.xcconfig */ = {isa = PBXFileReference; includeInIndex = 1; lastKnownFileType = text.xcconfig; path = Nimble.xcconfig; sourceTree = "<group>"; };
		B84D274316F8C6F9695294FB40D7596F /* AssertionRecorder.swift */ = {isa = PBXFileReference; includeInIndex = 1; lastKnownFileType = sourcecode.swift; name = AssertionRecorder.swift; path = Nimble/Adapters/AssertionRecorder.swift; sourceTree = "<group>"; };
		BA6428E9F66FD5A23C0A2E06ED26CD2F /* Podfile */ = {isa = PBXFileReference; includeInIndex = 1; lastKnownFileType = text; name = Podfile; path = ../Podfile; sourceTree = SOURCE_ROOT; xcLanguageSpecificationIdentifier = xcode.lang.ruby; };
		BEA1EFFE836005E11B9D420692E9E50C /* Example.swift */ = {isa = PBXFileReference; includeInIndex = 1; lastKnownFileType = sourcecode.swift; name = Example.swift; path = Quick/Example.swift; sourceTree = "<group>"; };
		BF4AE1E80CC4EA4F2E1FF17CA10A3D26 /* Nimble-umbrella.h */ = {isa = PBXFileReference; includeInIndex = 1; lastKnownFileType = sourcecode.c.h; path = "Nimble-umbrella.h"; sourceTree = "<group>"; };
		C03BB6589A73F51F073DF050F55D7F41 /* BeGreaterThanOrEqualTo.swift */ = {isa = PBXFileReference; includeInIndex = 1; lastKnownFileType = sourcecode.swift; name = BeGreaterThanOrEqualTo.swift; path = Nimble/Matchers/BeGreaterThanOrEqualTo.swift; sourceTree = "<group>"; };
		C8E9634CF58B22F95DF5AA222CDAF9B8 /* Nimble-dummy.m */ = {isa = PBXFileReference; includeInIndex = 1; lastKnownFileType = sourcecode.c.objc; path = "Nimble-dummy.m"; sourceTree = "<group>"; };
		CD6892139A4E44DF95C89A6BE52900CE /* Nimble.modulemap */ = {isa = PBXFileReference; includeInIndex = 1; lastKnownFileType = "sourcecode.module-map"; path = Nimble.modulemap; sourceTree = "<group>"; };
		CDDE4B2567C5A1EEB60019F9825BD48B /* AtlasTypewriterMediumItalic.otf */ = {isa = PBXFileReference; includeInIndex = 1; lastKnownFileType = file; path = AtlasTypewriterMediumItalic.otf; sourceTree = "<group>"; };
		CEC01795EBAA4731873EC08358EEA357 /* Pods-ElloCerts_Tests-acknowledgements.plist */ = {isa = PBXFileReference; includeInIndex = 1; lastKnownFileType = text.plist.xml; path = "Pods-ElloCerts_Tests-acknowledgements.plist"; sourceTree = "<group>"; };
		D0843BD7412E439120C081E8D9FE0F80 /* Match.swift */ = {isa = PBXFileReference; includeInIndex = 1; lastKnownFileType = sourcecode.swift; name = Match.swift; path = Nimble/Matchers/Match.swift; sourceTree = "<group>"; };
		D17DFC0D37F8449B1B2A2D117D1179A2 /* DSL.m */ = {isa = PBXFileReference; includeInIndex = 1; lastKnownFileType = sourcecode.c.objc; name = DSL.m; path = Nimble/objc/DSL.m; sourceTree = "<group>"; };
		D4E0D7E2D11371A45CB3D1221E7B4EC2 /* Quick.h */ = {isa = PBXFileReference; includeInIndex = 1; lastKnownFileType = sourcecode.c.h; name = Quick.h; path = Quick/Quick.h; sourceTree = "<group>"; };
		D75276E4A134A22E123F4C40E529080C /* Equal.swift */ = {isa = PBXFileReference; includeInIndex = 1; lastKnownFileType = sourcecode.swift; name = Equal.swift; path = Nimble/Matchers/Equal.swift; sourceTree = "<group>"; };
		DA695A07DF17BA243064E57D889E1CBB /* DSL.h */ = {isa = PBXFileReference; includeInIndex = 1; lastKnownFileType = sourcecode.c.h; name = DSL.h; path = Nimble/objc/DSL.h; sourceTree = "<group>"; };
		DD2902043720DDCB35261970FB255CC5 /* Info.plist */ = {isa = PBXFileReference; includeInIndex = 1; lastKnownFileType = text.plist.xml; path = Info.plist; sourceTree = "<group>"; };
		DE07B7874AB19902D4CE25F047CB5020 /* UIKit.framework */ = {isa = PBXFileReference; lastKnownFileType = wrapper.framework; name = UIKit.framework; path = Platforms/iPhoneOS.platform/Developer/SDKs/iPhoneOS9.2.sdk/System/Library/Frameworks/UIKit.framework; sourceTree = DEVELOPER_DIR; };
		E04E657153E79EFC12B5CF770EC5FDAF /* Pods-ElloCerts_Tests.debug.xcconfig */ = {isa = PBXFileReference; includeInIndex = 1; lastKnownFileType = text.xcconfig; path = "Pods-ElloCerts_Tests.debug.xcconfig"; sourceTree = "<group>"; };
		E2BC0728045ED4D4A2C12B52A561EEF7 /* ThrowError.swift */ = {isa = PBXFileReference; includeInIndex = 1; lastKnownFileType = sourcecode.swift; name = ThrowError.swift; path = Nimble/Matchers/ThrowError.swift; sourceTree = "<group>"; };
		E31CE50F8B4B99D3C229D2438892ED5B /* Stringers.swift */ = {isa = PBXFileReference; includeInIndex = 1; lastKnownFileType = sourcecode.swift; name = Stringers.swift; path = Nimble/Utils/Stringers.swift; sourceTree = "<group>"; };
		E3CD67A0263B5D926517C112081F48B2 /* BeGreaterThan.swift */ = {isa = PBXFileReference; includeInIndex = 1; lastKnownFileType = sourcecode.swift; name = BeGreaterThan.swift; path = Nimble/Matchers/BeGreaterThan.swift; sourceTree = "<group>"; };
		E41A31E4949F1319040B8D2BBBF2B5D6 /* QCKDSL.h */ = {isa = PBXFileReference; includeInIndex = 1; lastKnownFileType = sourcecode.c.h; name = QCKDSL.h; path = Quick/DSL/QCKDSL.h; sourceTree = "<group>"; };
		E43EEEBE209F0CF242FBC231937E6922 /* MatcherFunc.swift */ = {isa = PBXFileReference; includeInIndex = 1; lastKnownFileType = sourcecode.swift; name = MatcherFunc.swift; path = Nimble/Wrappers/MatcherFunc.swift; sourceTree = "<group>"; };
		E64F128A0D8C0E95944CB6D72158B299 /* Pods-ElloCerts_Example-umbrella.h */ = {isa = PBXFileReference; includeInIndex = 1; lastKnownFileType = sourcecode.c.h; path = "Pods-ElloCerts_Example-umbrella.h"; sourceTree = "<group>"; };
		ECB4882E47E7537D32F4C677DF4F0B43 /* AdapterProtocols.swift */ = {isa = PBXFileReference; includeInIndex = 1; lastKnownFileType = sourcecode.swift; name = AdapterProtocols.swift; path = Nimble/Adapters/AdapterProtocols.swift; sourceTree = "<group>"; };
		EFDFFB37B7C323CAC2FF2E3ABB709E44 /* AtlasGroteskRegular.otf */ = {isa = PBXFileReference; includeInIndex = 1; lastKnownFileType = file; path = AtlasGroteskRegular.otf; sourceTree = "<group>"; };
		F1D4A64A54F414359EC782444B27597B /* QuickConfiguration.h */ = {isa = PBXFileReference; includeInIndex = 1; lastKnownFileType = sourcecode.c.h; name = QuickConfiguration.h; path = Quick/Configuration/QuickConfiguration.h; sourceTree = "<group>"; };
		F5F4CE0DE16848CBDA8A93366A52BEF7 /* NMBExceptionCapture.m */ = {isa = PBXFileReference; includeInIndex = 1; lastKnownFileType = sourcecode.c.objc; name = NMBExceptionCapture.m; path = Nimble/objc/NMBExceptionCapture.m; sourceTree = "<group>"; };
		F689A549CFB432AE0684F3EA3BA8D2FF /* Poll.swift */ = {isa = PBXFileReference; includeInIndex = 1; lastKnownFileType = sourcecode.swift; name = Poll.swift; path = Nimble/Utils/Poll.swift; sourceTree = "<group>"; };
		F7FE6BD80E2769820B83F2550DAC4AAF /* ObjCExpectation.swift */ = {isa = PBXFileReference; includeInIndex = 1; lastKnownFileType = sourcecode.swift; name = ObjCExpectation.swift; path = Nimble/ObjCExpectation.swift; sourceTree = "<group>"; };
		FC9D0077C69A720B9DD2BB12344FD893 /* Quick-umbrella.h */ = {isa = PBXFileReference; includeInIndex = 1; lastKnownFileType = sourcecode.c.h; path = "Quick-umbrella.h"; sourceTree = "<group>"; };
		FD0AF5781847E82CEC8A2C6AEE2DBE57 /* Info.plist */ = {isa = PBXFileReference; includeInIndex = 1; lastKnownFileType = text.plist.xml; path = Info.plist; sourceTree = "<group>"; };
		FD253D16FA84D2153672FBD16584CFD5 /* AtlasTypewriterRegular.otf */ = {isa = PBXFileReference; includeInIndex = 1; lastKnownFileType = file; path = AtlasTypewriterRegular.otf; sourceTree = "<group>"; };
		FDA388FEA33C5B8824432D9681B318F3 /* DSL+Wait.swift */ = {isa = PBXFileReference; includeInIndex = 1; lastKnownFileType = sourcecode.swift; name = "DSL+Wait.swift"; path = "Nimble/DSL+Wait.swift"; sourceTree = "<group>"; };
		FE83EB29095CCB81D8ED291F23124FA7 /* AtlasTypewriterRegularItalic.otf */ = {isa = PBXFileReference; includeInIndex = 1; lastKnownFileType = file; path = AtlasTypewriterRegularItalic.otf; sourceTree = "<group>"; };
		FF7511682ED488897012E4EEC14429BF /* Filter.swift */ = {isa = PBXFileReference; includeInIndex = 1; lastKnownFileType = sourcecode.swift; name = Filter.swift; path = Quick/Filter.swift; sourceTree = "<group>"; };
/* End PBXFileReference section */

/* Begin PBXFrameworksBuildPhase section */
		03EC8C83A2D617C3BCBD6C71C1DA43F0 /* Frameworks */ = {
			isa = PBXFrameworksBuildPhase;
			buildActionMask = 2147483647;
			files = (
				A1A7A9AC9F3C6BF0131F0004E1262231 /* Foundation.framework in Frameworks */,
				54A60079B8F12959D747C7A7EB8684BD /* XCTest.framework in Frameworks */,
			);
			runOnlyForDeploymentPostprocessing = 0;
		};
		1AF3EAEC7D931E8065C936BD2B4D001C /* Frameworks */ = {
			isa = PBXFrameworksBuildPhase;
			buildActionMask = 2147483647;
			files = (
				62F8761323937B53150740AEDDD999C7 /* Foundation.framework in Frameworks */,
			);
			runOnlyForDeploymentPostprocessing = 0;
		};
		7FBD7B1537B634BB7C94BB4D4384BD63 /* Frameworks */ = {
			isa = PBXFrameworksBuildPhase;
			buildActionMask = 2147483647;
			files = (
				6F94E8D6A15D0096594A633ADE2436F0 /* Foundation.framework in Frameworks */,
			);
			runOnlyForDeploymentPostprocessing = 0;
		};
		DF0EB458F3F4BBA728F9DD8608121E8D /* Frameworks */ = {
			isa = PBXFrameworksBuildPhase;
			buildActionMask = 2147483647;
			files = (
				C59BAD95E10A9C01E6DE7BD483BF8C38 /* Foundation.framework in Frameworks */,
			);
			runOnlyForDeploymentPostprocessing = 0;
		};
		E6DDEE26F80614BB3FD94359E4A8B50E /* Frameworks */ = {
			isa = PBXFrameworksBuildPhase;
			buildActionMask = 2147483647;
			files = (
				E34DD40B1042899E5BCC36AF4986B3C6 /* CoreText.framework in Frameworks */,
				233FA4969ABD55E4EFE3112C0E615487 /* Foundation.framework in Frameworks */,
				B751D9D5441230D584989B8B992658D5 /* UIKit.framework in Frameworks */,
			);
			runOnlyForDeploymentPostprocessing = 0;
		};
/* End PBXFrameworksBuildPhase section */

/* Begin PBXGroup section */
		14B8B9B15ECBE87983FF987239AB2D7B /* Frameworks */ = {
			isa = PBXGroup;
			children = (
				DEB350F9AA8E59C193B43CD42F9A753F /* iOS */,
			);
			name = Frameworks;
			sourceTree = "<group>";
		};
		16DEB43FA25571F1B66C540DD65F807E /* Targets Support Files */ = {
			isa = PBXGroup;
			children = (
				38A9672FB13F29FCFE72DC1A4B270FB3 /* Pods-ElloCerts_Example */,
				9C079F5BBA51596A0C50634D3221C19B /* Pods-ElloCerts_Tests */,
			);
			name = "Targets Support Files";
			sourceTree = "<group>";
		};
		16F40755D50C39F84A302222E30E8DD2 /* Support Files */ = {
			isa = PBXGroup;
			children = (
				28CBE0D19FC6E65EFAA29981A9422B23 /* Info.plist */,
				021C4E135FFC34B4A74FD0560A640549 /* Quick.modulemap */,
				7C07CB259CB51CAA2B1B59537C0A7C2C /* Quick.xcconfig */,
				616BFD5BF73AEF373E5250D05560A338 /* Quick-dummy.m */,
				3F1975D001BFB447009180BAF8C14ADB /* Quick-prefix.pch */,
				FC9D0077C69A720B9DD2BB12344FD893 /* Quick-umbrella.h */,
			);
			name = "Support Files";
			path = "../Target Support Files/Quick";
			sourceTree = "<group>";
		};
		2018A75E60B7E3346ED3BAFF6C159ED3 /* Resources */ = {
			isa = PBXGroup;
			children = (
				91A1A15DA21F0459BB30F7F8519AAD18 /* Pod */,
			);
			name = Resources;
			sourceTree = "<group>";
		};
		36FD97F93AB8E4D454DAB2C2051EC699 /* Support Files */ = {
			isa = PBXGroup;
			children = (
				FD0AF5781847E82CEC8A2C6AEE2DBE57 /* Info.plist */,
				CD6892139A4E44DF95C89A6BE52900CE /* Nimble.modulemap */,
				B68A276C05A93CFCC331A055BCA33167 /* Nimble.xcconfig */,
				C8E9634CF58B22F95DF5AA222CDAF9B8 /* Nimble-dummy.m */,
				5D6A2E71DBC9D0DE17402BCFCFEEBDB2 /* Nimble-prefix.pch */,
				BF4AE1E80CC4EA4F2E1FF17CA10A3D26 /* Nimble-umbrella.h */,
			);
			name = "Support Files";
			path = "../Target Support Files/Nimble";
			sourceTree = "<group>";
		};
		38A9672FB13F29FCFE72DC1A4B270FB3 /* Pods-ElloCerts_Example */ = {
			isa = PBXGroup;
			children = (
				379DD90C67D19C81C76912E5445D1973 /* Info.plist */,
				7E5575CDD37EDCFD7B67B844D0BDD380 /* Pods-ElloCerts_Example.modulemap */,
				593A059A2497EA12C0B71EE3D396B89A /* Pods-ElloCerts_Example-acknowledgements.markdown */,
				9D43D23E1E3D14767B79F75E9986FB72 /* Pods-ElloCerts_Example-acknowledgements.plist */,
				1D9099AAD94D4E1B7114CB3F9BF4A5A2 /* Pods-ElloCerts_Example-dummy.m */,
				70AA61237D8BA86A1B568E86BE99BB92 /* Pods-ElloCerts_Example-frameworks.sh */,
				98AF2BF32F0272DE40592D8C25162F27 /* Pods-ElloCerts_Example-resources.sh */,
				E64F128A0D8C0E95944CB6D72158B299 /* Pods-ElloCerts_Example-umbrella.h */,
				28D44E81B7DF5AD210D483697C1C3327 /* Pods-ElloCerts_Example.debug.xcconfig */,
				3FB95E0136B1AEF3D27D05C623F8A7BC /* Pods-ElloCerts_Example.release.xcconfig */,
			);
			name = "Pods-ElloCerts_Example";
			path = "Target Support Files/Pods-ElloCerts_Example";
			sourceTree = "<group>";
		};
		481FA50F1898B4854B4D731089EE0A55 /* Pod */ = {
			isa = PBXGroup;
			children = (
				C501302B614C9AF5F03B75ED80DBE281 /* Classes */,
			);
			path = Pod;
			sourceTree = "<group>";
		};
		64E98FF7B6454214F8290BB0AC208D8F /* Quick */ = {
			isa = PBXGroup;
			children = (
				4C6D6E41BA9F922E7BBD3A24B7E5D00A /* Callsite.swift */,
				AE6E3634125A20B9BA58962919B08DDC /* Closures.swift */,
				5BF695047E0AAFB3CA54EC10F0E97FD3 /* Configuration.swift */,
				33DD2CC5441C4540A072B29E4A257A9D /* DSL.swift */,
				BEA1EFFE836005E11B9D420692E9E50C /* Example.swift */,
				B2005F86F2C2D05CDE00BB78EF02D6D4 /* ExampleGroup.swift */,
				01F8C281E400A6FABAD082CEA7263B2A /* ExampleHooks.swift */,
				38715BF4570032AE706B97AB11365E48 /* ExampleMetadata.swift */,
				FF7511682ED488897012E4EEC14429BF /* Filter.swift */,
				64F492985EB6550A418DD3DB1BCDE146 /* NSString+QCKSelectorName.h */,
				20ABC5A3D02301EC1EC014B6ABEFA42A /* NSString+QCKSelectorName.m */,
				E41A31E4949F1319040B8D2BBBF2B5D6 /* QCKDSL.h */,
				2543809E4D3D9755B94735346ACDFF03 /* QCKDSL.m */,
				D4E0D7E2D11371A45CB3D1221E7B4EC2 /* Quick.h */,
				F1D4A64A54F414359EC782444B27597B /* QuickConfiguration.h */,
				AE670FBBCC7FBB0E81F05DA0C8EAAEE5 /* QuickConfiguration.m */,
				8880B82EFD81A0D6EE2BBD27A39D61BA /* QuickSpec.h */,
				62241019A9DFE31F82A2CDF8690A163C /* QuickSpec.m */,
				64F0BEE5B67844F0E333920C2CB3416C /* SuiteHooks.swift */,
				4C0EAA5BA062125C64E6A819695F87C6 /* World.h */,
				8487245080A1AB0FFD48288B814AEA82 /* World.swift */,
				94A039912FDC46FCB2AF6DCEEB91ADB4 /* World+DSL.h */,
				6DDA3CDE7515A11BE56C6C2FE5FB65D8 /* World+DSL.swift */,
				16F40755D50C39F84A302222E30E8DD2 /* Support Files */,
			);
			path = Quick;
			sourceTree = "<group>";
		};
		71CCA827B99FDD7F3CDC09AAD8CAF236 /* Assets */ = {
			isa = PBXGroup;
			children = (
				3D3302BC671CF02234BFCF0CB2B7FAD5 /* AtlasGroteskBold.otf */,
				7206AD1AA8DEDEB0E75154E561CD2FEB /* AtlasGroteskBoldItalic.otf */,
				EFDFFB37B7C323CAC2FF2E3ABB709E44 /* AtlasGroteskRegular.otf */,
				95923B335D724B5886D33B7737BF7414 /* AtlasGroteskRegularItalic.otf */,
				8D4519D172F607FDB78B4EB010D1360F /* AtlasTypewriterBold.otf */,
				91D3B75727A4D1691AA223B02DDA8130 /* AtlasTypewriterBoldItalic.otf */,
				A843A54D595583A12E2B07F19A5F5110 /* AtlasTypewriterMedium.otf */,
				CDDE4B2567C5A1EEB60019F9825BD48B /* AtlasTypewriterMediumItalic.otf */,
				FD253D16FA84D2153672FBD16584CFD5 /* AtlasTypewriterRegular.otf */,
				FE83EB29095CCB81D8ED291F23124FA7 /* AtlasTypewriterRegularItalic.otf */,
			);
			path = Assets;
			sourceTree = "<group>";
		};
		7DB346D0F39D3F0E887471402A8071AB = {
			isa = PBXGroup;
			children = (
				BA6428E9F66FD5A23C0A2E06ED26CD2F /* Podfile */,
				E795107B833B8BE0A56450F55C14167A /* Development Pods */,
				14B8B9B15ECBE87983FF987239AB2D7B /* Frameworks */,
				8F29E9621F2E4347FEA6F6D7F0748038 /* Pods */,
				94895040F81E75783A1FBD9F754C8C7F /* Products */,
				16DEB43FA25571F1B66C540DD65F807E /* Targets Support Files */,
			);
			sourceTree = "<group>";
		};
		8F29E9621F2E4347FEA6F6D7F0748038 /* Pods */ = {
			isa = PBXGroup;
			children = (
				D877BEEDC4F6494B4B10BC732B32A32B /* Nimble */,
				64E98FF7B6454214F8290BB0AC208D8F /* Quick */,
			);
			name = Pods;
			sourceTree = "<group>";
		};
		91A1A15DA21F0459BB30F7F8519AAD18 /* Pod */ = {
			isa = PBXGroup;
			children = (
				71CCA827B99FDD7F3CDC09AAD8CAF236 /* Assets */,
			);
			path = Pod;
			sourceTree = "<group>";
		};
		94895040F81E75783A1FBD9F754C8C7F /* Products */ = {
			isa = PBXGroup;
			children = (
				2755F0546C1E6E138E94A1A139DE05DD /* ElloCerts.framework */,
				3FBAD84FCAA38A96DB77F59EF0843DFD /* Nimble.framework */,
				33F126452B1D9F5A969E5B1085513708 /* Pods_ElloCerts_Example.framework */,
				9D769985187978F61C5169BBA8DD650A /* Pods_ElloCerts_Tests.framework */,
				2700AA99DF0CBF841A17F98AAC31C8F5 /* Quick.framework */,
			);
			name = Products;
			sourceTree = "<group>";
		};
		9C079F5BBA51596A0C50634D3221C19B /* Pods-ElloCerts_Tests */ = {
			isa = PBXGroup;
			children = (
				DD2902043720DDCB35261970FB255CC5 /* Info.plist */,
				0A2AF5A4F82598766678B89BDBFEA718 /* Pods-ElloCerts_Tests.modulemap */,
				25F69DC920A01CF3C8844E564C3D63A3 /* Pods-ElloCerts_Tests-acknowledgements.markdown */,
				CEC01795EBAA4731873EC08358EEA357 /* Pods-ElloCerts_Tests-acknowledgements.plist */,
				12AF2AF9A5E30CF1B0C0B2F2F50F124F /* Pods-ElloCerts_Tests-dummy.m */,
				16664232890A36D2D9BE57281F07FD97 /* Pods-ElloCerts_Tests-frameworks.sh */,
				02CFBE9CBA1E734F26656E7FCDEA83FA /* Pods-ElloCerts_Tests-resources.sh */,
				A8A2DCA9EECAD89631249A8035288054 /* Pods-ElloCerts_Tests-umbrella.h */,
				E04E657153E79EFC12B5CF770EC5FDAF /* Pods-ElloCerts_Tests.debug.xcconfig */,
				297E218FCEA4AE1A2562E6284F2A46AF /* Pods-ElloCerts_Tests.release.xcconfig */,
			);
			name = "Pods-ElloCerts_Tests";
			path = "Target Support Files/Pods-ElloCerts_Tests";
			sourceTree = "<group>";
		};
		B9699B6FF86F4461D629A9616946B70A /* ElloCerts */ = {
			isa = PBXGroup;
			children = (
				481FA50F1898B4854B4D731089EE0A55 /* Pod */,
				2018A75E60B7E3346ED3BAFF6C159ED3 /* Resources */,
				E65857568C51AB86E4F6021F007DE27D /* Support Files */,
			);
			name = ElloCerts;
			path = ../..;
			sourceTree = "<group>";
		};
		C501302B614C9AF5F03B75ED80DBE281 /* Classes */ = {
			isa = PBXGroup;
			children = (
				A64758645D1CABB4936513AE3AD93C48 /* ElloCerts.swift */,
			);
			path = Classes;
			sourceTree = "<group>";
		};
		D877BEEDC4F6494B4B10BC732B32A32B /* Nimble */ = {
			isa = PBXGroup;
			children = (
				ECB4882E47E7537D32F4C677DF4F0B43 /* AdapterProtocols.swift */,
				4F2CCEF958AF4E4C4F073031905F2CE2 /* AllPass.swift */,
				0B0C995C72A44C02A9369FA2BDB1F4FF /* AssertionDispatcher.swift */,
				B84D274316F8C6F9695294FB40D7596F /* AssertionRecorder.swift */,
				1D42013D479CDC11E7882C7C0045B66B /* AsyncMatcherWrapper.swift */,
				0B53DF3C5B85F993313E9FA09386C167 /* BeAKindOf.swift */,
				13064CC241598F189B1341470994F9D9 /* BeAnInstanceOf.swift */,
				29A378AC6A7BCB5D43F7586353A7610A /* BeCloseTo.swift */,
				2FE24AE8654BDA8234080C23F6335E26 /* BeEmpty.swift */,
				58CD57ED9D79412A49A037E8EAA4AF42 /* BeginWith.swift */,
				E3CD67A0263B5D926517C112081F48B2 /* BeGreaterThan.swift */,
				C03BB6589A73F51F073DF050F55D7F41 /* BeGreaterThanOrEqualTo.swift */,
				69A1AA2E4CDFA7B6FD9B4F253CAF481F /* BeIdenticalTo.swift */,
				69578BBC16AAA12ED9630E2036580E94 /* BeLessThan.swift */,
				8E12C6F645E5DC0EDB23023A394F1CB1 /* BeLessThanOrEqual.swift */,
				B011BCE1507648ECA7586CF7DABF6F4C /* BeLogical.swift */,
				02297D692E5CA1B1C21CCCDA1853BA44 /* BeNil.swift */,
				6727AA774C6723AFCA6CFCEF099071C7 /* Contain.swift */,
				DA695A07DF17BA243064E57D889E1CBB /* DSL.h */,
				D17DFC0D37F8449B1B2A2D117D1179A2 /* DSL.m */,
				2B9040AB08CA7AEB727960E284F746A4 /* DSL.swift */,
				FDA388FEA33C5B8824432D9681B318F3 /* DSL+Wait.swift */,
				1E8B6303CCFDEBF93094E92D50CAFF38 /* EndWith.swift */,
				D75276E4A134A22E123F4C40E529080C /* Equal.swift */,
				B3116FC3DA077740D1C5702FA4C187A2 /* Expectation.swift */,
				227AD60FAC82B3DEDDBB09BAEE052647 /* Expression.swift */,
				25961731CF4F7537A5ECD61A000A150C /* FailureMessage.swift */,
				28E302676FFF0A4192E3ECFB4B1FDCF6 /* Functional.swift */,
				54BC3268759E7DB38A0E192F06A1BD06 /* HaveCount.swift */,
				D0843BD7412E439120C081E8D9FE0F80 /* Match.swift */,
				E43EEEBE209F0CF242FBC231937E6922 /* MatcherFunc.swift */,
				28D0DF7E7A59098355B7877A39D254B6 /* MatcherProtocols.swift */,
				784135A9193F0FE38182AF2C577B3A52 /* Nimble.h */,
				5596CB4CEA7B7B71461C9ECE75263656 /* NimbleXCTestHandler.swift */,
				40FBD52025077E5788ADCE71EF040393 /* NMBExceptionCapture.h */,
				F5F4CE0DE16848CBDA8A93366A52BEF7 /* NMBExceptionCapture.m */,
				F7FE6BD80E2769820B83F2550DAC4AAF /* ObjCExpectation.swift */,
				73B922FF75D982F502B345AE30399F97 /* ObjCMatcher.swift */,
				F689A549CFB432AE0684F3EA3BA8D2FF /* Poll.swift */,
				88457B3A5C81E0F34AC48AC05B8040D6 /* RaisesException.swift */,
				4930275AC98E3FD0F3BC81A7D08B8591 /* SourceLocation.swift */,
				E31CE50F8B4B99D3C229D2438892ED5B /* Stringers.swift */,
				E2BC0728045ED4D4A2C12B52A561EEF7 /* ThrowError.swift */,
				36FD97F93AB8E4D454DAB2C2051EC699 /* Support Files */,
			);
			path = Nimble;
			sourceTree = "<group>";
		};
		DEB350F9AA8E59C193B43CD42F9A753F /* iOS */ = {
			isa = PBXGroup;
			children = (
				765279250A1715D64EBC0AEF9E881ADA /* CoreText.framework */,
				2C399359027DC845725DCE33B675BEF7 /* Foundation.framework */,
				DE07B7874AB19902D4CE25F047CB5020 /* UIKit.framework */,
				0BBEB8404065DE76CDC57440E70C356D /* XCTest.framework */,
			);
			name = iOS;
			sourceTree = "<group>";
		};
		E65857568C51AB86E4F6021F007DE27D /* Support Files */ = {
			isa = PBXGroup;
			children = (
				4B580D7BA2F635E8A9176EB822F4A265 /* ElloCerts.modulemap */,
				91663CCB3307863B4154F1B4BFB0A3A4 /* ElloCerts.xcconfig */,
				573933A27884C12660D8EF54C8F98B14 /* ElloCerts-dummy.m */,
				406B0043954D552D1CAF2FB4CACC3605 /* ElloCerts-prefix.pch */,
				2578B5215DFA87891E7A926608A98665 /* ElloCerts-umbrella.h */,
				0EC63E5569F3760CA443DA53299EB2B8 /* Info.plist */,
			);
			name = "Support Files";
			path = "Example/Pods/Target Support Files/ElloCerts";
			sourceTree = "<group>";
		};
		E795107B833B8BE0A56450F55C14167A /* Development Pods */ = {
			isa = PBXGroup;
			children = (
				B9699B6FF86F4461D629A9616946B70A /* ElloCerts */,
			);
			name = "Development Pods";
			sourceTree = "<group>";
		};
/* End PBXGroup section */

/* Begin PBXHeadersBuildPhase section */
		14DBFF1BB05D3C1AE341412ECFCE3892 /* Headers */ = {
			isa = PBXHeadersBuildPhase;
			buildActionMask = 2147483647;
			files = (
				6C6AC03675EEDC15C56B314886FFC034 /* ElloCerts-umbrella.h in Headers */,
			);
			runOnlyForDeploymentPostprocessing = 0;
		};
		9BD5D0EC6AB9C53F518A49D97EB6E856 /* Headers */ = {
			isa = PBXHeadersBuildPhase;
			buildActionMask = 2147483647;
			files = (
				120DB43BF5DF7AD14924F255E85C8603 /* Pods-ElloCerts_Example-umbrella.h in Headers */,
			);
			runOnlyForDeploymentPostprocessing = 0;
		};
		D7CFD3451FF23BCDEA026A73847F7AA1 /* Headers */ = {
			isa = PBXHeadersBuildPhase;
			buildActionMask = 2147483647;
			files = (
				6FAE746B14B21F301DE28025CEC1E6C8 /* NSString+QCKSelectorName.h in Headers */,
				797C1BB017A7BE07530607AEA8AB273F /* QCKDSL.h in Headers */,
				2E4E45F5727B61A30D6B0ECE504F81FF /* Quick-umbrella.h in Headers */,
				3BCDA22106E63D435DCB6F275FEB62F1 /* Quick.h in Headers */,
				D57A56120E7A9C413581EEDA60A24384 /* QuickConfiguration.h in Headers */,
				C58374C39D13AABEAF3A6B3B2EDE05B8 /* QuickSpec.h in Headers */,
				58871F72D5A0EF8AA5D04083255D4FD7 /* World+DSL.h in Headers */,
				CE8BD773375BCC04A4292B50527ABB09 /* World.h in Headers */,
			);
			runOnlyForDeploymentPostprocessing = 0;
		};
		E558CFA5C045F339837B0B7645133081 /* Headers */ = {
			isa = PBXHeadersBuildPhase;
			buildActionMask = 2147483647;
			files = (
				9341B96D63EF6C54A1F906A1BBAEAF46 /* DSL.h in Headers */,
				0F49254A4C560DD4696936F6080756DC /* Nimble-umbrella.h in Headers */,
				512DFAE728521F02AF225F0082195DCC /* Nimble.h in Headers */,
				02BF9988CC94A01E7CB6049694390020 /* NMBExceptionCapture.h in Headers */,
			);
			runOnlyForDeploymentPostprocessing = 0;
		};
		FBD1B329BCE3627CC0D9144C166710C0 /* Headers */ = {
			isa = PBXHeadersBuildPhase;
			buildActionMask = 2147483647;
			files = (
				51056EEE2857C57BEA7CE3695205775A /* Pods-ElloCerts_Tests-umbrella.h in Headers */,
			);
			runOnlyForDeploymentPostprocessing = 0;
		};
/* End PBXHeadersBuildPhase section */

/* Begin PBXNativeTarget section */
		4C735B0C6EA37F4B0BE6791BC80A43CA /* Pods-ElloCerts_Tests */ = {
			isa = PBXNativeTarget;
			buildConfigurationList = 5C5A5E4A46A40834A16DA884681A7940 /* Build configuration list for PBXNativeTarget "Pods-ElloCerts_Tests" */;
			buildPhases = (
				18CA5F4246672A9E3FEB8226590215CC /* Sources */,
				1AF3EAEC7D931E8065C936BD2B4D001C /* Frameworks */,
				FBD1B329BCE3627CC0D9144C166710C0 /* Headers */,
			);
			buildRules = (
			);
			dependencies = (
				701BBDB726038B580266E6DEDFDBEFED /* PBXTargetDependency */,
				7BB983B0D9AFC98F9A85A6B72F26FC03 /* PBXTargetDependency */,
				4761A412BF545DD8AD4185A16C152533 /* PBXTargetDependency */,
			);
			name = "Pods-ElloCerts_Tests";
			productName = "Pods-ElloCerts_Tests";
			productReference = 9D769985187978F61C5169BBA8DD650A /* Pods_ElloCerts_Tests.framework */;
			productType = "com.apple.product-type.framework";
		};
		5597149D696C0F92A011C680C8E4369A /* ElloCerts */ = {
			isa = PBXNativeTarget;
			buildConfigurationList = B59C587859F48B389247C988746D11DD /* Build configuration list for PBXNativeTarget "ElloCerts" */;
			buildPhases = (
				7C79DC25D04B3F277641D5EB5E3C47C4 /* Sources */,
				E6DDEE26F80614BB3FD94359E4A8B50E /* Frameworks */,
				0F62DF711E851D927479F4D1D50DEA62 /* Resources */,
				14DBFF1BB05D3C1AE341412ECFCE3892 /* Headers */,
			);
			buildRules = (
			);
			dependencies = (
			);
			name = ElloCerts;
			productName = ElloCerts;
			productReference = 2755F0546C1E6E138E94A1A139DE05DD /* ElloCerts.framework */;
			productType = "com.apple.product-type.framework";
		};
		B578BFDA93BFA91506CEFD1EEB1864C9 /* Quick */ = {
			isa = PBXNativeTarget;
			buildConfigurationList = 3BEBD31DF4FC8DC6A92CEC1135184D44 /* Build configuration list for PBXNativeTarget "Quick" */;
			buildPhases = (
				CB58524FC1BFD1196B17D1F6724D668A /* Sources */,
				03EC8C83A2D617C3BCBD6C71C1DA43F0 /* Frameworks */,
				D7CFD3451FF23BCDEA026A73847F7AA1 /* Headers */,
			);
			buildRules = (
			);
			dependencies = (
			);
			name = Quick;
			productName = Quick;
			productReference = 2700AA99DF0CBF841A17F98AAC31C8F5 /* Quick.framework */;
			productType = "com.apple.product-type.framework";
		};
		C5DB5104FED3C10F78978AFC810982B9 /* Nimble */ = {
			isa = PBXNativeTarget;
			buildConfigurationList = D4DCEA35595251EC6B9BDC29A571E7B2 /* Build configuration list for PBXNativeTarget "Nimble" */;
			buildPhases = (
				CC264E557A8A184C30ECCED31C74BB34 /* Sources */,
				7FBD7B1537B634BB7C94BB4D4384BD63 /* Frameworks */,
				E558CFA5C045F339837B0B7645133081 /* Headers */,
			);
			buildRules = (
			);
			dependencies = (
			);
			name = Nimble;
			productName = Nimble;
			productReference = 3FBAD84FCAA38A96DB77F59EF0843DFD /* Nimble.framework */;
			productType = "com.apple.product-type.framework";
		};
		CF34A3FA9CCDE8E0CFD43A40D2DA094D /* Pods-ElloCerts_Example */ = {
			isa = PBXNativeTarget;
			buildConfigurationList = 8E92D38447FA5757146C2E20DAC1F6D5 /* Build configuration list for PBXNativeTarget "Pods-ElloCerts_Example" */;
			buildPhases = (
				7A9844ABF4C9BB886BF3C8936F457EA2 /* Sources */,
				DF0EB458F3F4BBA728F9DD8608121E8D /* Frameworks */,
				9BD5D0EC6AB9C53F518A49D97EB6E856 /* Headers */,
			);
			buildRules = (
			);
			dependencies = (
				EA0286C45A8E5531DFB36E5B6F08C484 /* PBXTargetDependency */,
			);
			name = "Pods-ElloCerts_Example";
			productName = "Pods-ElloCerts_Example";
			productReference = 33F126452B1D9F5A969E5B1085513708 /* Pods_ElloCerts_Example.framework */;
			productType = "com.apple.product-type.framework";
		};
/* End PBXNativeTarget section */

/* Begin PBXProject section */
		D41D8CD98F00B204E9800998ECF8427E /* Project object */ = {
			isa = PBXProject;
			attributes = {
				LastSwiftUpdateCheck = 0720;
				LastUpgradeCheck = 0700;
			};
			buildConfigurationList = 2D8E8EC45A3A1A1D94AE762CB5028504 /* Build configuration list for PBXProject "Pods" */;
			compatibilityVersion = "Xcode 3.2";
			developmentRegion = English;
			hasScannedForEncodings = 0;
			knownRegions = (
				en,
			);
			mainGroup = 7DB346D0F39D3F0E887471402A8071AB;
			productRefGroup = 94895040F81E75783A1FBD9F754C8C7F /* Products */;
			projectDirPath = "";
			projectRoot = "";
			targets = (
				5597149D696C0F92A011C680C8E4369A /* ElloCerts */,
				C5DB5104FED3C10F78978AFC810982B9 /* Nimble */,
				CF34A3FA9CCDE8E0CFD43A40D2DA094D /* Pods-ElloCerts_Example */,
				4C735B0C6EA37F4B0BE6791BC80A43CA /* Pods-ElloCerts_Tests */,
				B578BFDA93BFA91506CEFD1EEB1864C9 /* Quick */,
			);
		};
/* End PBXProject section */

/* Begin PBXResourcesBuildPhase section */
		0F62DF711E851D927479F4D1D50DEA62 /* Resources */ = {
			isa = PBXResourcesBuildPhase;
			buildActionMask = 2147483647;
			files = (
				321DFD48DE2C717FEA400F81FE74F212 /* AtlasGroteskBold.otf in Resources */,
				A19D019676851EE1BE269F572533BC31 /* AtlasGroteskBoldItalic.otf in Resources */,
				A1EB949CA7D6F599173EB69DDC17CA64 /* AtlasGroteskRegular.otf in Resources */,
				D4BBACC2942DDBE0AD68A7366186ED47 /* AtlasGroteskRegularItalic.otf in Resources */,
				8D33E0D7661402387213E6351E38A7B3 /* AtlasTypewriterBold.otf in Resources */,
				0C68ABBE254702DE9F842D79F9441C88 /* AtlasTypewriterBoldItalic.otf in Resources */,
				2604EF46EA35DAC363A1C47022BCD663 /* AtlasTypewriterMedium.otf in Resources */,
				00CCB3F063D1816E688DC13AE565D9EF /* AtlasTypewriterMediumItalic.otf in Resources */,
				7B5118D7E55ACAA5708E21A7C4EEF048 /* AtlasTypewriterRegular.otf in Resources */,
				9F201B12211AE337DB0A771949B7F497 /* AtlasTypewriterRegularItalic.otf in Resources */,
			);
			runOnlyForDeploymentPostprocessing = 0;
		};
/* End PBXResourcesBuildPhase section */

/* Begin PBXSourcesBuildPhase section */
		18CA5F4246672A9E3FEB8226590215CC /* Sources */ = {
			isa = PBXSourcesBuildPhase;
			buildActionMask = 2147483647;
			files = (
				82D39F0C72AEB5E15281EA0CBD98C34B /* Pods-ElloCerts_Tests-dummy.m in Sources */,
			);
			runOnlyForDeploymentPostprocessing = 0;
		};
		7A9844ABF4C9BB886BF3C8936F457EA2 /* Sources */ = {
			isa = PBXSourcesBuildPhase;
			buildActionMask = 2147483647;
			files = (
				9F5A93B5DECDFE2C326811B3747A27B2 /* Pods-ElloCerts_Example-dummy.m in Sources */,
			);
			runOnlyForDeploymentPostprocessing = 0;
		};
		7C79DC25D04B3F277641D5EB5E3C47C4 /* Sources */ = {
			isa = PBXSourcesBuildPhase;
			buildActionMask = 2147483647;
			files = (
				03CE33A1CD5B1827704117D540756B4D /* ElloCerts-dummy.m in Sources */,
				D451CCF19B6084276B6BF7A22A4E232D /* ElloCerts.swift in Sources */,
			);
			runOnlyForDeploymentPostprocessing = 0;
		};
		CB58524FC1BFD1196B17D1F6724D668A /* Sources */ = {
			isa = PBXSourcesBuildPhase;
			buildActionMask = 2147483647;
			files = (
				C44050F92B2C6D26D5EF706E914EA0E1 /* Callsite.swift in Sources */,
				FDBCCB36507C993422B3DED75575CB72 /* Closures.swift in Sources */,
				092CFA39897FBD3281EB2AF0AFF53A5A /* Configuration.swift in Sources */,
				23EDFE82C861DCC8E192900D846F4BF7 /* DSL.swift in Sources */,
				4154B64FF56032297950245B721FD855 /* Example.swift in Sources */,
				92F0FB76E4671398BE546F6AEBA4AD76 /* ExampleGroup.swift in Sources */,
				F49308FE54DB8B93C388A48B376D1520 /* ExampleHooks.swift in Sources */,
				218210D3C216B0E287FB21A2BD60B731 /* ExampleMetadata.swift in Sources */,
				A6162FE9450972A35F780EC5B2589EC4 /* Filter.swift in Sources */,
				EF5730194F6F037FA8AC1F09998D7C1C /* NSString+QCKSelectorName.m in Sources */,
				64F9C4436E5E500302729D613547E94F /* QCKDSL.m in Sources */,
				6AE37D14EDB7D860C3CEC21871351AF4 /* Quick-dummy.m in Sources */,
				D38DBB2917E11248788D94B280A143FF /* QuickConfiguration.m in Sources */,
				105885BEEA6D8F434D14E901F2E0F3A9 /* QuickSpec.m in Sources */,
				92A792C0865CBEA5D8A09B1F1491DE8A /* SuiteHooks.swift in Sources */,
				FDAA48AF438844F7611F05B20BE6922E /* World+DSL.swift in Sources */,
				050712C539E0EEEC7983054F1D9B627C /* World.swift in Sources */,
			);
			runOnlyForDeploymentPostprocessing = 0;
		};
		CC264E557A8A184C30ECCED31C74BB34 /* Sources */ = {
			isa = PBXSourcesBuildPhase;
			buildActionMask = 2147483647;
			files = (
				CAAED5FB81DB035A9EC080917C783FA6 /* AdapterProtocols.swift in Sources */,
				D429691F39B4C30A8993360FB8A3E334 /* AllPass.swift in Sources */,
				33514FEE6EA65605EFB6F1801834B692 /* AssertionDispatcher.swift in Sources */,
				E6E7B15FAD6C56681511813DB2666478 /* AssertionRecorder.swift in Sources */,
				0A6E71555F55082003A3DB2B03CA85D2 /* AsyncMatcherWrapper.swift in Sources */,
				77128C0365A98E3BAC038A915B38791C /* BeAKindOf.swift in Sources */,
				7A6E2730A25A55D8DFA74D3D7CB005EF /* BeAnInstanceOf.swift in Sources */,
				B905718B2501DDA22F2AE73CB6E76E6B /* BeCloseTo.swift in Sources */,
				9E7786C034F0E0A6B5F0A0E6BE7D7E4A /* BeEmpty.swift in Sources */,
				9646787942A85613FE77F45794E9B5CD /* BeginWith.swift in Sources */,
				1E28F9362956B758C4C981D3C1129C90 /* BeGreaterThan.swift in Sources */,
				33264C6A7A3536AD91EF42B3E8CC8220 /* BeGreaterThanOrEqualTo.swift in Sources */,
				7680F08C43B965EC873D26E6AD854C9F /* BeIdenticalTo.swift in Sources */,
				BCB53F24DCADF12601B8BA90AE3190AE /* BeLessThan.swift in Sources */,
				4E87C6AE24AB15700A39FC24A2F1C93B /* BeLessThanOrEqual.swift in Sources */,
				02DF5BD2281BA10105A447F95FCF8CF3 /* BeLogical.swift in Sources */,
				F1D4A8A1FC68EFA7F45945908D70A352 /* BeNil.swift in Sources */,
				B41E8E775408ACE233F29CE93388B270 /* Contain.swift in Sources */,
				DEE170DD3064F7343884A4016546B762 /* DSL+Wait.swift in Sources */,
				B0A26F58BA3E6222E50AE5AC883B8EAF /* DSL.m in Sources */,
				58EBA2C1A43283FB2188AB1FB592D32B /* DSL.swift in Sources */,
				3A92AEE86034356AF8987F20EE1F82DF /* EndWith.swift in Sources */,
				FB1347627E64CA7E98C19DC985E13D95 /* Equal.swift in Sources */,
				E2FBD93D72DF01427486D1A6853FC689 /* Expectation.swift in Sources */,
				C63AB521EA514A811A167E507C0CF9AD /* Expression.swift in Sources */,
				0492354DA7EF0C9068F7B4E8F74001B0 /* FailureMessage.swift in Sources */,
				D7B45D4600C6166C124C0A926EE65284 /* Functional.swift in Sources */,
				BB4F35062294C1A461DA3CEF6306A1DB /* HaveCount.swift in Sources */,
				E36C5201AE7F1CBB25F9D2E7CBFC3C20 /* Match.swift in Sources */,
				3AEAC447B09E7AABC140654C8529BC94 /* MatcherFunc.swift in Sources */,
				C9AC658F3FCB67B50E96313C2687B33D /* MatcherProtocols.swift in Sources */,
				73695FA6A6CDFBB13C0CC73C2E5126C0 /* Nimble-dummy.m in Sources */,
				831D33A4C5C5BBC1EC158D9A236C61D7 /* NimbleXCTestHandler.swift in Sources */,
				9187EEC2982DB82AD8D3A7001AA647D6 /* NMBExceptionCapture.m in Sources */,
				CD9D31B6063C50689EAC2A0745C282DC /* ObjCExpectation.swift in Sources */,
				7BFD25B1BB1116D8AC47E2C3874C5B76 /* ObjCMatcher.swift in Sources */,
				8D0BF52FF564A170A3D1DE28C27B233E /* Poll.swift in Sources */,
				FFC311AC1E19A23E0EB7B1B3A7A5A744 /* RaisesException.swift in Sources */,
				7DA9FF8513AA48310B15A0744A541818 /* SourceLocation.swift in Sources */,
				F10FD3129985704FA1610F84FB98EDF5 /* Stringers.swift in Sources */,
				2D3B916F7168E9412EDB95BA203A5BB4 /* ThrowError.swift in Sources */,
			);
			runOnlyForDeploymentPostprocessing = 0;
		};
/* End PBXSourcesBuildPhase section */

/* Begin PBXTargetDependency section */
		4761A412BF545DD8AD4185A16C152533 /* PBXTargetDependency */ = {
			isa = PBXTargetDependency;
			name = Quick;
			target = B578BFDA93BFA91506CEFD1EEB1864C9 /* Quick */;
			targetProxy = 4C0677DD7D98912E09D35203DB4CE1B0 /* PBXContainerItemProxy */;
		};
		701BBDB726038B580266E6DEDFDBEFED /* PBXTargetDependency */ = {
			isa = PBXTargetDependency;
			name = ElloCerts;
			target = 5597149D696C0F92A011C680C8E4369A /* ElloCerts */;
			targetProxy = 6C45542BA69E291552D930B51328E2DA /* PBXContainerItemProxy */;
		};
		7BB983B0D9AFC98F9A85A6B72F26FC03 /* PBXTargetDependency */ = {
			isa = PBXTargetDependency;
			name = Nimble;
			target = C5DB5104FED3C10F78978AFC810982B9 /* Nimble */;
			targetProxy = ED5C8DB71D050F63CE5B8E9E9400CBD6 /* PBXContainerItemProxy */;
		};
		EA0286C45A8E5531DFB36E5B6F08C484 /* PBXTargetDependency */ = {
			isa = PBXTargetDependency;
			name = ElloCerts;
			target = 5597149D696C0F92A011C680C8E4369A /* ElloCerts */;
			targetProxy = 72B5F0B249300237931674492D736A8B /* PBXContainerItemProxy */;
		};
/* End PBXTargetDependency section */

/* Begin XCBuildConfiguration section */
		2B108BCE8BB9DA1D79A84B54EB6FC922 /* Release */ = {
			isa = XCBuildConfiguration;
			baseConfigurationReference = 91663CCB3307863B4154F1B4BFB0A3A4 /* ElloCerts.xcconfig */;
			buildSettings = {
				"CODE_SIGN_IDENTITY[sdk=iphoneos*]" = "iPhone Developer";
				CURRENT_PROJECT_VERSION = 1;
				DEBUG_INFORMATION_FORMAT = "dwarf-with-dsym";
				DEFINES_MODULE = YES;
				DYLIB_COMPATIBILITY_VERSION = 1;
				DYLIB_CURRENT_VERSION = 1;
				DYLIB_INSTALL_NAME_BASE = "@rpath";
				ENABLE_STRICT_OBJC_MSGSEND = YES;
				GCC_NO_COMMON_BLOCKS = YES;
				GCC_PREFIX_HEADER = "Target Support Files/ElloCerts/ElloCerts-prefix.pch";
				INFOPLIST_FILE = "Target Support Files/ElloCerts/Info.plist";
				INSTALL_PATH = "$(LOCAL_LIBRARY_DIR)/Frameworks";
				IPHONEOS_DEPLOYMENT_TARGET = 8.0;
				LD_RUNPATH_SEARCH_PATHS = "$(inherited) @executable_path/Frameworks @loader_path/Frameworks";
				MODULEMAP_FILE = "Target Support Files/ElloCerts/ElloCerts.modulemap";
				MTL_ENABLE_DEBUG_INFO = NO;
				PRODUCT_NAME = ElloCerts;
				SDKROOT = iphoneos;
				SKIP_INSTALL = YES;
				TARGETED_DEVICE_FAMILY = "1,2";
				VERSIONING_SYSTEM = "apple-generic";
				VERSION_INFO_PREFIX = "";
			};
			name = Release;
		};
		372FF5048FF42C3A7A18B70A30D785C1 /* Release */ = {
			isa = XCBuildConfiguration;
			buildSettings = {
				ALWAYS_SEARCH_USER_PATHS = NO;
				CLANG_CXX_LANGUAGE_STANDARD = "gnu++0x";
				CLANG_CXX_LIBRARY = "libc++";
				CLANG_ENABLE_MODULES = YES;
				CLANG_ENABLE_OBJC_ARC = YES;
				CLANG_WARN_BOOL_CONVERSION = YES;
				CLANG_WARN_CONSTANT_CONVERSION = YES;
				CLANG_WARN_DIRECT_OBJC_ISA_USAGE = YES;
				CLANG_WARN_EMPTY_BODY = YES;
				CLANG_WARN_ENUM_CONVERSION = YES;
				CLANG_WARN_INT_CONVERSION = YES;
				CLANG_WARN_OBJC_ROOT_CLASS = YES;
				CLANG_WARN_UNREACHABLE_CODE = YES;
				CLANG_WARN__DUPLICATE_METHOD_MATCH = YES;
				COPY_PHASE_STRIP = YES;
				ENABLE_NS_ASSERTIONS = NO;
				GCC_C_LANGUAGE_STANDARD = gnu99;
				GCC_PREPROCESSOR_DEFINITIONS = (
					"POD_CONFIGURATION_RELEASE=1",
					"$(inherited)",
				);
				GCC_WARN_64_TO_32_BIT_CONVERSION = YES;
				GCC_WARN_ABOUT_RETURN_TYPE = YES;
				GCC_WARN_UNDECLARED_SELECTOR = YES;
				GCC_WARN_UNINITIALIZED_AUTOS = YES;
				GCC_WARN_UNUSED_FUNCTION = YES;
				GCC_WARN_UNUSED_VARIABLE = YES;
				IPHONEOS_DEPLOYMENT_TARGET = 8.3;
				STRIP_INSTALLED_PRODUCT = NO;
				SYMROOT = "${SRCROOT}/../build";
				VALIDATE_PRODUCT = YES;
			};
			name = Release;
		};
		3B39EB7C7DCC0570F95A06BF1FE6A0B1 /* Debug */ = {
			isa = XCBuildConfiguration;
			baseConfigurationReference = 91663CCB3307863B4154F1B4BFB0A3A4 /* ElloCerts.xcconfig */;
			buildSettings = {
				"CODE_SIGN_IDENTITY[sdk=iphoneos*]" = "iPhone Developer";
				CURRENT_PROJECT_VERSION = 1;
				DEBUG_INFORMATION_FORMAT = dwarf;
				DEFINES_MODULE = YES;
				DYLIB_COMPATIBILITY_VERSION = 1;
				DYLIB_CURRENT_VERSION = 1;
				DYLIB_INSTALL_NAME_BASE = "@rpath";
				ENABLE_STRICT_OBJC_MSGSEND = YES;
				GCC_NO_COMMON_BLOCKS = YES;
				GCC_PREFIX_HEADER = "Target Support Files/ElloCerts/ElloCerts-prefix.pch";
				INFOPLIST_FILE = "Target Support Files/ElloCerts/Info.plist";
				INSTALL_PATH = "$(LOCAL_LIBRARY_DIR)/Frameworks";
				IPHONEOS_DEPLOYMENT_TARGET = 8.0;
				LD_RUNPATH_SEARCH_PATHS = "$(inherited) @executable_path/Frameworks @loader_path/Frameworks";
				MODULEMAP_FILE = "Target Support Files/ElloCerts/ElloCerts.modulemap";
				MTL_ENABLE_DEBUG_INFO = YES;
				PRODUCT_NAME = ElloCerts;
				SDKROOT = iphoneos;
				SKIP_INSTALL = YES;
				SWIFT_OPTIMIZATION_LEVEL = "-Onone";
				TARGETED_DEVICE_FAMILY = "1,2";
				VERSIONING_SYSTEM = "apple-generic";
				VERSION_INFO_PREFIX = "";
			};
			name = Debug;
		};
		48209088F155CD21F071F8E166210A8A /* Release */ = {
			isa = XCBuildConfiguration;
			baseConfigurationReference = 3FB95E0136B1AEF3D27D05C623F8A7BC /* Pods-ElloCerts_Example.release.xcconfig */;
			buildSettings = {
				"CODE_SIGN_IDENTITY[sdk=iphoneos*]" = "iPhone Developer";
				CURRENT_PROJECT_VERSION = 1;
				DEBUG_INFORMATION_FORMAT = "dwarf-with-dsym";
				DEFINES_MODULE = YES;
				DYLIB_COMPATIBILITY_VERSION = 1;
				DYLIB_CURRENT_VERSION = 1;
				DYLIB_INSTALL_NAME_BASE = "@rpath";
				ENABLE_STRICT_OBJC_MSGSEND = YES;
				GCC_NO_COMMON_BLOCKS = YES;
				INFOPLIST_FILE = "Target Support Files/Pods-ElloCerts_Example/Info.plist";
				INSTALL_PATH = "$(LOCAL_LIBRARY_DIR)/Frameworks";
				IPHONEOS_DEPLOYMENT_TARGET = 8.3;
				LD_RUNPATH_SEARCH_PATHS = "$(inherited) @executable_path/Frameworks @loader_path/Frameworks";
				MACH_O_TYPE = staticlib;
				MODULEMAP_FILE = "Target Support Files/Pods-ElloCerts_Example/Pods-ElloCerts_Example.modulemap";
				MTL_ENABLE_DEBUG_INFO = NO;
				OTHER_LDFLAGS = "";
				OTHER_LIBTOOLFLAGS = "";
				PODS_ROOT = "$(SRCROOT)";
				PRODUCT_BUNDLE_IDENTIFIER = "org.cocoapods.${PRODUCT_NAME:rfc1034identifier}";
				PRODUCT_NAME = Pods_ElloCerts_Example;
				SDKROOT = iphoneos;
				SKIP_INSTALL = YES;
				TARGETED_DEVICE_FAMILY = "1,2";
				VERSIONING_SYSTEM = "apple-generic";
				VERSION_INFO_PREFIX = "";
			};
			name = Release;
		};
		5E2AD7ADCFFDB80AEFF2C839E4C1C4EC /* Release */ = {
			isa = XCBuildConfiguration;
			baseConfigurationReference = 7C07CB259CB51CAA2B1B59537C0A7C2C /* Quick.xcconfig */;
			buildSettings = {
				"CODE_SIGN_IDENTITY[sdk=iphoneos*]" = "iPhone Developer";
				CURRENT_PROJECT_VERSION = 1;
				DEBUG_INFORMATION_FORMAT = "dwarf-with-dsym";
				DEFINES_MODULE = YES;
				DYLIB_COMPATIBILITY_VERSION = 1;
				DYLIB_CURRENT_VERSION = 1;
				DYLIB_INSTALL_NAME_BASE = "@rpath";
				ENABLE_STRICT_OBJC_MSGSEND = YES;
				GCC_NO_COMMON_BLOCKS = YES;
				GCC_PREFIX_HEADER = "Target Support Files/Quick/Quick-prefix.pch";
				INFOPLIST_FILE = "Target Support Files/Quick/Info.plist";
				INSTALL_PATH = "$(LOCAL_LIBRARY_DIR)/Frameworks";
				IPHONEOS_DEPLOYMENT_TARGET = 8.0;
				LD_RUNPATH_SEARCH_PATHS = "$(inherited) @executable_path/Frameworks @loader_path/Frameworks";
				MODULEMAP_FILE = "Target Support Files/Quick/Quick.modulemap";
				MTL_ENABLE_DEBUG_INFO = NO;
				PRODUCT_NAME = Quick;
				SDKROOT = iphoneos;
				SKIP_INSTALL = YES;
				TARGETED_DEVICE_FAMILY = "1,2";
				VERSIONING_SYSTEM = "apple-generic";
				VERSION_INFO_PREFIX = "";
			};
			name = Release;
		};
		6B2BF82238F241E43259B0F81A0F37F5 /* Debug */ = {
			isa = XCBuildConfiguration;
			baseConfigurationReference = 7C07CB259CB51CAA2B1B59537C0A7C2C /* Quick.xcconfig */;
			buildSettings = {
				"CODE_SIGN_IDENTITY[sdk=iphoneos*]" = "iPhone Developer";
				CURRENT_PROJECT_VERSION = 1;
				DEBUG_INFORMATION_FORMAT = dwarf;
				DEFINES_MODULE = YES;
				DYLIB_COMPATIBILITY_VERSION = 1;
				DYLIB_CURRENT_VERSION = 1;
				DYLIB_INSTALL_NAME_BASE = "@rpath";
				ENABLE_STRICT_OBJC_MSGSEND = YES;
				GCC_NO_COMMON_BLOCKS = YES;
				GCC_PREFIX_HEADER = "Target Support Files/Quick/Quick-prefix.pch";
				INFOPLIST_FILE = "Target Support Files/Quick/Info.plist";
				INSTALL_PATH = "$(LOCAL_LIBRARY_DIR)/Frameworks";
				IPHONEOS_DEPLOYMENT_TARGET = 8.0;
				LD_RUNPATH_SEARCH_PATHS = "$(inherited) @executable_path/Frameworks @loader_path/Frameworks";
				MODULEMAP_FILE = "Target Support Files/Quick/Quick.modulemap";
				MTL_ENABLE_DEBUG_INFO = YES;
				PRODUCT_NAME = Quick;
				SDKROOT = iphoneos;
				SKIP_INSTALL = YES;
				SWIFT_OPTIMIZATION_LEVEL = "-Onone";
				TARGETED_DEVICE_FAMILY = "1,2";
				VERSIONING_SYSTEM = "apple-generic";
				VERSION_INFO_PREFIX = "";
			};
			name = Debug;
		};
		70F0378D63DE3D2DCC739550669BD46A /* Debug */ = {
			isa = XCBuildConfiguration;
			buildSettings = {
				ALWAYS_SEARCH_USER_PATHS = NO;
				CLANG_CXX_LANGUAGE_STANDARD = "gnu++0x";
				CLANG_CXX_LIBRARY = "libc++";
				CLANG_ENABLE_MODULES = YES;
				CLANG_ENABLE_OBJC_ARC = YES;
				CLANG_WARN_BOOL_CONVERSION = YES;
				CLANG_WARN_CONSTANT_CONVERSION = YES;
				CLANG_WARN_DIRECT_OBJC_ISA_USAGE = YES;
				CLANG_WARN_EMPTY_BODY = YES;
				CLANG_WARN_ENUM_CONVERSION = YES;
				CLANG_WARN_INT_CONVERSION = YES;
				CLANG_WARN_OBJC_ROOT_CLASS = YES;
				CLANG_WARN_UNREACHABLE_CODE = YES;
				CLANG_WARN__DUPLICATE_METHOD_MATCH = YES;
				COPY_PHASE_STRIP = NO;
				ENABLE_TESTABILITY = YES;
				GCC_C_LANGUAGE_STANDARD = gnu99;
				GCC_DYNAMIC_NO_PIC = NO;
				GCC_OPTIMIZATION_LEVEL = 0;
				GCC_PREPROCESSOR_DEFINITIONS = (
					"POD_CONFIGURATION_DEBUG=1",
					"DEBUG=1",
					"$(inherited)",
				);
				GCC_SYMBOLS_PRIVATE_EXTERN = NO;
				GCC_WARN_64_TO_32_BIT_CONVERSION = YES;
				GCC_WARN_ABOUT_RETURN_TYPE = YES;
				GCC_WARN_UNDECLARED_SELECTOR = YES;
				GCC_WARN_UNINITIALIZED_AUTOS = YES;
				GCC_WARN_UNUSED_FUNCTION = YES;
				GCC_WARN_UNUSED_VARIABLE = YES;
				IPHONEOS_DEPLOYMENT_TARGET = 8.3;
				ONLY_ACTIVE_ARCH = YES;
				STRIP_INSTALLED_PRODUCT = NO;
				SYMROOT = "${SRCROOT}/../build";
			};
			name = Debug;
		};
		AAEA2BC16A7A00DAC9811BC157F9F08D /* Debug */ = {
			isa = XCBuildConfiguration;
			baseConfigurationReference = 28D44E81B7DF5AD210D483697C1C3327 /* Pods-ElloCerts_Example.debug.xcconfig */;
			buildSettings = {
				"CODE_SIGN_IDENTITY[sdk=iphoneos*]" = "iPhone Developer";
				CURRENT_PROJECT_VERSION = 1;
				DEBUG_INFORMATION_FORMAT = dwarf;
				DEFINES_MODULE = YES;
				DYLIB_COMPATIBILITY_VERSION = 1;
				DYLIB_CURRENT_VERSION = 1;
				DYLIB_INSTALL_NAME_BASE = "@rpath";
				ENABLE_STRICT_OBJC_MSGSEND = YES;
				GCC_NO_COMMON_BLOCKS = YES;
				INFOPLIST_FILE = "Target Support Files/Pods-ElloCerts_Example/Info.plist";
				INSTALL_PATH = "$(LOCAL_LIBRARY_DIR)/Frameworks";
				IPHONEOS_DEPLOYMENT_TARGET = 8.3;
				LD_RUNPATH_SEARCH_PATHS = "$(inherited) @executable_path/Frameworks @loader_path/Frameworks";
				MACH_O_TYPE = staticlib;
				MODULEMAP_FILE = "Target Support Files/Pods-ElloCerts_Example/Pods-ElloCerts_Example.modulemap";
				MTL_ENABLE_DEBUG_INFO = YES;
				OTHER_LDFLAGS = "";
				OTHER_LIBTOOLFLAGS = "";
				PODS_ROOT = "$(SRCROOT)";
				PRODUCT_BUNDLE_IDENTIFIER = "org.cocoapods.${PRODUCT_NAME:rfc1034identifier}";
				PRODUCT_NAME = Pods_ElloCerts_Example;
				SDKROOT = iphoneos;
				SKIP_INSTALL = YES;
				SWIFT_OPTIMIZATION_LEVEL = "-Onone";
				TARGETED_DEVICE_FAMILY = "1,2";
				VERSIONING_SYSTEM = "apple-generic";
				VERSION_INFO_PREFIX = "";
			};
			name = Debug;
		};
		B9305397234ABEF2D5C0F60CB0C890E5 /* Debug */ = {
			isa = XCBuildConfiguration;
			baseConfigurationReference = B68A276C05A93CFCC331A055BCA33167 /* Nimble.xcconfig */;
			buildSettings = {
				"CODE_SIGN_IDENTITY[sdk=iphoneos*]" = "iPhone Developer";
				CURRENT_PROJECT_VERSION = 1;
				DEBUG_INFORMATION_FORMAT = dwarf;
				DEFINES_MODULE = YES;
				DYLIB_COMPATIBILITY_VERSION = 1;
				DYLIB_CURRENT_VERSION = 1;
				DYLIB_INSTALL_NAME_BASE = "@rpath";
				ENABLE_STRICT_OBJC_MSGSEND = YES;
				GCC_NO_COMMON_BLOCKS = YES;
				GCC_PREFIX_HEADER = "Target Support Files/Nimble/Nimble-prefix.pch";
				INFOPLIST_FILE = "Target Support Files/Nimble/Info.plist";
				INSTALL_PATH = "$(LOCAL_LIBRARY_DIR)/Frameworks";
				IPHONEOS_DEPLOYMENT_TARGET = 8.0;
				LD_RUNPATH_SEARCH_PATHS = "$(inherited) @executable_path/Frameworks @loader_path/Frameworks";
				MODULEMAP_FILE = "Target Support Files/Nimble/Nimble.modulemap";
				MTL_ENABLE_DEBUG_INFO = YES;
				PRODUCT_NAME = Nimble;
				SDKROOT = iphoneos;
				SKIP_INSTALL = YES;
				SWIFT_OPTIMIZATION_LEVEL = "-Onone";
				TARGETED_DEVICE_FAMILY = "1,2";
				VERSIONING_SYSTEM = "apple-generic";
				VERSION_INFO_PREFIX = "";
			};
			name = Debug;
		};
		C198466D80B439A166BB8C57136C8240 /* Release */ = {
			isa = XCBuildConfiguration;
			baseConfigurationReference = B68A276C05A93CFCC331A055BCA33167 /* Nimble.xcconfig */;
			buildSettings = {
				"CODE_SIGN_IDENTITY[sdk=iphoneos*]" = "iPhone Developer";
				CURRENT_PROJECT_VERSION = 1;
				DEBUG_INFORMATION_FORMAT = "dwarf-with-dsym";
				DEFINES_MODULE = YES;
				DYLIB_COMPATIBILITY_VERSION = 1;
				DYLIB_CURRENT_VERSION = 1;
				DYLIB_INSTALL_NAME_BASE = "@rpath";
				ENABLE_STRICT_OBJC_MSGSEND = YES;
				GCC_NO_COMMON_BLOCKS = YES;
				GCC_PREFIX_HEADER = "Target Support Files/Nimble/Nimble-prefix.pch";
				INFOPLIST_FILE = "Target Support Files/Nimble/Info.plist";
				INSTALL_PATH = "$(LOCAL_LIBRARY_DIR)/Frameworks";
				IPHONEOS_DEPLOYMENT_TARGET = 8.0;
				LD_RUNPATH_SEARCH_PATHS = "$(inherited) @executable_path/Frameworks @loader_path/Frameworks";
				MODULEMAP_FILE = "Target Support Files/Nimble/Nimble.modulemap";
				MTL_ENABLE_DEBUG_INFO = NO;
				PRODUCT_NAME = Nimble;
				SDKROOT = iphoneos;
				SKIP_INSTALL = YES;
				TARGETED_DEVICE_FAMILY = "1,2";
				VERSIONING_SYSTEM = "apple-generic";
				VERSION_INFO_PREFIX = "";
			};
			name = Release;
		};
		D7519581A94B6DEC7839F05C3EE305B7 /* Debug */ = {
			isa = XCBuildConfiguration;
			baseConfigurationReference = E04E657153E79EFC12B5CF770EC5FDAF /* Pods-ElloCerts_Tests.debug.xcconfig */;
			buildSettings = {
				"CODE_SIGN_IDENTITY[sdk=iphoneos*]" = "iPhone Developer";
				CURRENT_PROJECT_VERSION = 1;
				DEBUG_INFORMATION_FORMAT = dwarf;
				DEFINES_MODULE = YES;
				DYLIB_COMPATIBILITY_VERSION = 1;
				DYLIB_CURRENT_VERSION = 1;
				DYLIB_INSTALL_NAME_BASE = "@rpath";
				ENABLE_STRICT_OBJC_MSGSEND = YES;
				GCC_NO_COMMON_BLOCKS = YES;
				INFOPLIST_FILE = "Target Support Files/Pods-ElloCerts_Tests/Info.plist";
				INSTALL_PATH = "$(LOCAL_LIBRARY_DIR)/Frameworks";
				IPHONEOS_DEPLOYMENT_TARGET = 8.3;
				LD_RUNPATH_SEARCH_PATHS = "$(inherited) @executable_path/Frameworks @loader_path/Frameworks";
				MACH_O_TYPE = staticlib;
				MODULEMAP_FILE = "Target Support Files/Pods-ElloCerts_Tests/Pods-ElloCerts_Tests.modulemap";
				MTL_ENABLE_DEBUG_INFO = YES;
				OTHER_LDFLAGS = "";
				OTHER_LIBTOOLFLAGS = "";
				PODS_ROOT = "$(SRCROOT)";
				PRODUCT_BUNDLE_IDENTIFIER = "org.cocoapods.${PRODUCT_NAME:rfc1034identifier}";
				PRODUCT_NAME = Pods_ElloCerts_Tests;
				SDKROOT = iphoneos;
				SKIP_INSTALL = YES;
				SWIFT_OPTIMIZATION_LEVEL = "-Onone";
				TARGETED_DEVICE_FAMILY = "1,2";
				VERSIONING_SYSTEM = "apple-generic";
				VERSION_INFO_PREFIX = "";
			};
			name = Debug;
		};
		FE16BB40362E4EE5A8F3C18864B0125E /* Release */ = {
			isa = XCBuildConfiguration;
			baseConfigurationReference = 297E218FCEA4AE1A2562E6284F2A46AF /* Pods-ElloCerts_Tests.release.xcconfig */;
			buildSettings = {
				"CODE_SIGN_IDENTITY[sdk=iphoneos*]" = "iPhone Developer";
				CURRENT_PROJECT_VERSION = 1;
				DEBUG_INFORMATION_FORMAT = "dwarf-with-dsym";
				DEFINES_MODULE = YES;
				DYLIB_COMPATIBILITY_VERSION = 1;
				DYLIB_CURRENT_VERSION = 1;
				DYLIB_INSTALL_NAME_BASE = "@rpath";
				ENABLE_STRICT_OBJC_MSGSEND = YES;
				GCC_NO_COMMON_BLOCKS = YES;
				INFOPLIST_FILE = "Target Support Files/Pods-ElloCerts_Tests/Info.plist";
				INSTALL_PATH = "$(LOCAL_LIBRARY_DIR)/Frameworks";
				IPHONEOS_DEPLOYMENT_TARGET = 8.3;
				LD_RUNPATH_SEARCH_PATHS = "$(inherited) @executable_path/Frameworks @loader_path/Frameworks";
				MACH_O_TYPE = staticlib;
				MODULEMAP_FILE = "Target Support Files/Pods-ElloCerts_Tests/Pods-ElloCerts_Tests.modulemap";
				MTL_ENABLE_DEBUG_INFO = NO;
				OTHER_LDFLAGS = "";
				OTHER_LIBTOOLFLAGS = "";
				PODS_ROOT = "$(SRCROOT)";
				PRODUCT_BUNDLE_IDENTIFIER = "org.cocoapods.${PRODUCT_NAME:rfc1034identifier}";
				PRODUCT_NAME = Pods_ElloCerts_Tests;
				SDKROOT = iphoneos;
				SKIP_INSTALL = YES;
				TARGETED_DEVICE_FAMILY = "1,2";
				VERSIONING_SYSTEM = "apple-generic";
				VERSION_INFO_PREFIX = "";
			};
			name = Release;
		};
/* End XCBuildConfiguration section */

/* Begin XCConfigurationList section */
		2D8E8EC45A3A1A1D94AE762CB5028504 /* Build configuration list for PBXProject "Pods" */ = {
			isa = XCConfigurationList;
			buildConfigurations = (
				70F0378D63DE3D2DCC739550669BD46A /* Debug */,
				372FF5048FF42C3A7A18B70A30D785C1 /* Release */,
			);
			defaultConfigurationIsVisible = 0;
			defaultConfigurationName = Release;
		};
		3BEBD31DF4FC8DC6A92CEC1135184D44 /* Build configuration list for PBXNativeTarget "Quick" */ = {
			isa = XCConfigurationList;
			buildConfigurations = (
				6B2BF82238F241E43259B0F81A0F37F5 /* Debug */,
				5E2AD7ADCFFDB80AEFF2C839E4C1C4EC /* Release */,
			);
			defaultConfigurationIsVisible = 0;
			defaultConfigurationName = Release;
		};
		5C5A5E4A46A40834A16DA884681A7940 /* Build configuration list for PBXNativeTarget "Pods-ElloCerts_Tests" */ = {
			isa = XCConfigurationList;
			buildConfigurations = (
				D7519581A94B6DEC7839F05C3EE305B7 /* Debug */,
				FE16BB40362E4EE5A8F3C18864B0125E /* Release */,
			);
			defaultConfigurationIsVisible = 0;
			defaultConfigurationName = Release;
		};
		8E92D38447FA5757146C2E20DAC1F6D5 /* Build configuration list for PBXNativeTarget "Pods-ElloCerts_Example" */ = {
			isa = XCConfigurationList;
			buildConfigurations = (
				AAEA2BC16A7A00DAC9811BC157F9F08D /* Debug */,
				48209088F155CD21F071F8E166210A8A /* Release */,
			);
			defaultConfigurationIsVisible = 0;
			defaultConfigurationName = Release;
		};
		B59C587859F48B389247C988746D11DD /* Build configuration list for PBXNativeTarget "ElloCerts" */ = {
			isa = XCConfigurationList;
			buildConfigurations = (
				3B39EB7C7DCC0570F95A06BF1FE6A0B1 /* Debug */,
				2B108BCE8BB9DA1D79A84B54EB6FC922 /* Release */,
			);
			defaultConfigurationIsVisible = 0;
			defaultConfigurationName = Release;
		};
		D4DCEA35595251EC6B9BDC29A571E7B2 /* Build configuration list for PBXNativeTarget "Nimble" */ = {
			isa = XCConfigurationList;
			buildConfigurations = (
				B9305397234ABEF2D5C0F60CB0C890E5 /* Debug */,
				C198466D80B439A166BB8C57136C8240 /* Release */,
			);
			defaultConfigurationIsVisible = 0;
			defaultConfigurationName = Release;
		};
/* End XCConfigurationList section */
	};
	rootObject = D41D8CD98F00B204E9800998ECF8427E /* Project object */;
}
